// !$*UTF8*$!
{
	archiveVersion = 1;
	classes = {
	};
	objectVersion = 46;
	objects = {

/* Begin PBXBuildFile section */
		355C95A51B8AF089005595EA /* PriceViewController.swift in Sources */ = {isa = PBXBuildFile; fileRef = 355C95A41B8AF089005595EA /* PriceViewController.swift */; };
		355C95A71B8C0665005595EA /* PriceDetailViewController.swift in Sources */ = {isa = PBXBuildFile; fileRef = 355C95A61B8C0665005595EA /* PriceDetailViewController.swift */; };
		355C95A91B8C1407005595EA /* PriceVCTableViewCell.swift in Sources */ = {isa = PBXBuildFile; fileRef = 355C95A81B8C1407005595EA /* PriceVCTableViewCell.swift */; };
		355C95AB1B8C20CB005595EA /* PriceDetailVCTableViewCell.swift in Sources */ = {isa = PBXBuildFile; fileRef = 355C95AA1B8C20CB005595EA /* PriceDetailVCTableViewCell.swift */; };
		355C95AD1B8C5145005595EA /* InboxViewController.swift in Sources */ = {isa = PBXBuildFile; fileRef = 355C95AC1B8C5145005595EA /* InboxViewController.swift */; };
		35AC87581B8AB15900B44C7E /* MJRefreshBaseView.m in Sources */ = {isa = PBXBuildFile; fileRef = 35AC874B1B8AB15900B44C7E /* MJRefreshBaseView.m */; };
		35AC87591B8AB15900B44C7E /* MJRefreshConst.m in Sources */ = {isa = PBXBuildFile; fileRef = 35AC874D1B8AB15900B44C7E /* MJRefreshConst.m */; };
		35AC875A1B8AB15900B44C7E /* MJRefreshFooterView.m in Sources */ = {isa = PBXBuildFile; fileRef = 35AC874F1B8AB15900B44C7E /* MJRefreshFooterView.m */; };
		35AC875B1B8AB15900B44C7E /* MJRefreshHeaderView.m in Sources */ = {isa = PBXBuildFile; fileRef = 35AC87511B8AB15900B44C7E /* MJRefreshHeaderView.m */; };
		35AC875C1B8AB15900B44C7E /* UIScrollView+MJExtension.m in Sources */ = {isa = PBXBuildFile; fileRef = 35AC87531B8AB15900B44C7E /* UIScrollView+MJExtension.m */; };
		35AC875D1B8AB15900B44C7E /* UIScrollView+MJRefresh.m in Sources */ = {isa = PBXBuildFile; fileRef = 35AC87551B8AB15900B44C7E /* UIScrollView+MJRefresh.m */; };
		35AC875E1B8AB15900B44C7E /* UIView+MJExtension.m in Sources */ = {isa = PBXBuildFile; fileRef = 35AC87571B8AB15900B44C7E /* UIView+MJExtension.m */; };
		35AC87601B8AB2F800B44C7E /* UserSettingViewController.swift in Sources */ = {isa = PBXBuildFile; fileRef = 35AC875F1B8AB2F800B44C7E /* UserSettingViewController.swift */; };
		35B2783E1B8D94AB00FA2399 /* Main.storyboard in Resources */ = {isa = PBXBuildFile; fileRef = 35B2783C1B8D94AB00FA2399 /* Main.storyboard */; };
		35B278441B8D952100FA2399 /* CommentDetailViewController.swift in Sources */ = {isa = PBXBuildFile; fileRef = 35B278401B8D952100FA2399 /* CommentDetailViewController.swift */; };
		35B278461B8D952100FA2399 /* CommentViewController.swift in Sources */ = {isa = PBXBuildFile; fileRef = 35B278421B8D952100FA2399 /* CommentViewController.swift */; };
		35B278471B8D952100FA2399 /* CommentVCTableViewCell.swift in Sources */ = {isa = PBXBuildFile; fileRef = 35B278431B8D952100FA2399 /* CommentVCTableViewCell.swift */; };
		35B278591B8D955500FA2399 /* HNKCache.m in Sources */ = {isa = PBXBuildFile; fileRef = 35B2784A1B8D955500FA2399 /* HNKCache.m */; };
		35B2785A1B8D955500FA2399 /* HNKDiskCache.m in Sources */ = {isa = PBXBuildFile; fileRef = 35B2784C1B8D955500FA2399 /* HNKDiskCache.m */; };
		35B2785B1B8D955500FA2399 /* HNKDiskFetcher.m in Sources */ = {isa = PBXBuildFile; fileRef = 35B2784E1B8D955500FA2399 /* HNKDiskFetcher.m */; };
		35B2785C1B8D955500FA2399 /* HNKNetworkFetcher.m in Sources */ = {isa = PBXBuildFile; fileRef = 35B278501B8D955500FA2399 /* HNKNetworkFetcher.m */; };
		35B2785D1B8D955500FA2399 /* HNKSimpleFetcher.m in Sources */ = {isa = PBXBuildFile; fileRef = 35B278521B8D955500FA2399 /* HNKSimpleFetcher.m */; };
		35B2785E1B8D955500FA2399 /* UIButton+Haneke.m in Sources */ = {isa = PBXBuildFile; fileRef = 35B278541B8D955500FA2399 /* UIButton+Haneke.m */; };
		35B2785F1B8D955500FA2399 /* UIImageView+Haneke.m in Sources */ = {isa = PBXBuildFile; fileRef = 35B278561B8D955500FA2399 /* UIImageView+Haneke.m */; };
		35B278601B8D955500FA2399 /* UIView+Haneke.m in Sources */ = {isa = PBXBuildFile; fileRef = 35B278581B8D955500FA2399 /* UIView+Haneke.m */; };
		35B278621B8DA48A00FA2399 /* CommentDetailVCTableViewCell.swift in Sources */ = {isa = PBXBuildFile; fileRef = 35B278611B8DA48A00FA2399 /* CommentDetailVCTableViewCell.swift */; };
		35B278641B8EA2FD00FA2399 /* CommentContentViewController.swift in Sources */ = {isa = PBXBuildFile; fileRef = 35B278631B8EA2FD00FA2399 /* CommentContentViewController.swift */; };
		35B278991B8FFEFD00FA2399 /* PriceHistoryViewController.swift in Sources */ = {isa = PBXBuildFile; fileRef = 35B278981B8FFEFD00FA2399 /* PriceHistoryViewController.swift */; };
		35B2789B1B9022EA00FA2399 /* PriceHistoryTableViewCell.swift in Sources */ = {isa = PBXBuildFile; fileRef = 35B2789A1B9022EA00FA2399 /* PriceHistoryTableViewCell.swift */; };
		35C712181B8595B3004B267A /* AppDelegate.swift in Sources */ = {isa = PBXBuildFile; fileRef = 35C712171B8595B3004B267A /* AppDelegate.swift */; };
		35C7121F1B8595B3004B267A /* Images.xcassets in Resources */ = {isa = PBXBuildFile; fileRef = 35C7121E1B8595B3004B267A /* Images.xcassets */; };
		35C712411B85C0BE004B267A /* LogInViewController.swift in Sources */ = {isa = PBXBuildFile; fileRef = 35C712401B85C0BE004B267A /* LogInViewController.swift */; };
		35C712651B86AEE9004B267A /* SKAlertView.m in Sources */ = {isa = PBXBuildFile; fileRef = 35C712621B86AEE9004B267A /* SKAlertView.m */; };
		35C712661B86AEE9004B267A /* SKTipAlertView.m in Sources */ = {isa = PBXBuildFile; fileRef = 35C712641B86AEE9004B267A /* SKTipAlertView.m */; };
		35C712721B86AFA5004B267A /* Alamofire.swift in Sources */ = {isa = PBXBuildFile; fileRef = 35C712681B86AFA5004B267A /* Alamofire.swift */; };
		35C712731B86AFA5004B267A /* Download.swift in Sources */ = {isa = PBXBuildFile; fileRef = 35C712691B86AFA5004B267A /* Download.swift */; };
		35C712741B86AFA5004B267A /* Manager.swift in Sources */ = {isa = PBXBuildFile; fileRef = 35C7126A1B86AFA5004B267A /* Manager.swift */; };
		35C712751B86AFA5004B267A /* MultipartFormData.swift in Sources */ = {isa = PBXBuildFile; fileRef = 35C7126B1B86AFA5004B267A /* MultipartFormData.swift */; };
		35C712761B86AFA5004B267A /* ParameterEncoding.swift in Sources */ = {isa = PBXBuildFile; fileRef = 35C7126C1B86AFA5004B267A /* ParameterEncoding.swift */; };
		35C712771B86AFA5004B267A /* Request.swift in Sources */ = {isa = PBXBuildFile; fileRef = 35C7126D1B86AFA5004B267A /* Request.swift */; };
		35C712781B86AFA5004B267A /* ResponseSerialization.swift in Sources */ = {isa = PBXBuildFile; fileRef = 35C7126E1B86AFA5004B267A /* ResponseSerialization.swift */; };
		35C712791B86AFA5004B267A /* ServerTrustPolicy.swift in Sources */ = {isa = PBXBuildFile; fileRef = 35C7126F1B86AFA5004B267A /* ServerTrustPolicy.swift */; };
		35C7127A1B86AFA5004B267A /* Upload.swift in Sources */ = {isa = PBXBuildFile; fileRef = 35C712701B86AFA5004B267A /* Upload.swift */; };
		35C7127B1B86AFA5004B267A /* Validation.swift in Sources */ = {isa = PBXBuildFile; fileRef = 35C712711B86AFA5004B267A /* Validation.swift */; };
		35C7127D1B86B008004B267A /* EndPoints.swift in Sources */ = {isa = PBXBuildFile; fileRef = 35C7127C1B86B008004B267A /* EndPoints.swift */; };
		35C712801B86B09E004B267A /* SwiftyJSON.swift in Sources */ = {isa = PBXBuildFile; fileRef = 35C7127F1B86B09E004B267A /* SwiftyJSON.swift */; };
		35C712821B86B126004B267A /* HomeTabBarViewController.swift in Sources */ = {isa = PBXBuildFile; fileRef = 35C712811B86B126004B267A /* HomeTabBarViewController.swift */; };
		35C712861B86B2BE004B267A /* MBProgressHUD.m in Sources */ = {isa = PBXBuildFile; fileRef = 35C712851B86B2BE004B267A /* MBProgressHUD.m */; };
		35C712911B86CC5D004B267A /* HTHorizontalSelectionList.m in Sources */ = {isa = PBXBuildFile; fileRef = 35C7128B1B86CC5D004B267A /* HTHorizontalSelectionList.m */; };
		35C712921B86CC5D004B267A /* HTHorizontalSelectionListCustomViewCell.m in Sources */ = {isa = PBXBuildFile; fileRef = 35C7128E1B86CC5D004B267A /* HTHorizontalSelectionListCustomViewCell.m */; };
		35C712931B86CC5D004B267A /* HTHorizontalSelectionListLabelCell.m in Sources */ = {isa = PBXBuildFile; fileRef = 35C712901B86CC5D004B267A /* HTHorizontalSelectionListLabelCell.m */; };
		35C712971B86CC79004B267A /* MXPullDownMenu.m in Sources */ = {isa = PBXBuildFile; fileRef = 35C712961B86CC79004B267A /* MXPullDownMenu.m */; };
/* End PBXBuildFile section */

/* Begin PBXFileReference section */
		355C95A41B8AF089005595EA /* PriceViewController.swift */ = {isa = PBXFileReference; fileEncoding = 4; lastKnownFileType = sourcecode.swift; path = PriceViewController.swift; sourceTree = "<group>"; };
		355C95A61B8C0665005595EA /* PriceDetailViewController.swift */ = {isa = PBXFileReference; fileEncoding = 4; lastKnownFileType = sourcecode.swift; path = PriceDetailViewController.swift; sourceTree = "<group>"; };
		355C95A81B8C1407005595EA /* PriceVCTableViewCell.swift */ = {isa = PBXFileReference; fileEncoding = 4; lastKnownFileType = sourcecode.swift; path = PriceVCTableViewCell.swift; sourceTree = "<group>"; };
		355C95AA1B8C20CB005595EA /* PriceDetailVCTableViewCell.swift */ = {isa = PBXFileReference; fileEncoding = 4; lastKnownFileType = sourcecode.swift; path = PriceDetailVCTableViewCell.swift; sourceTree = "<group>"; };
		355C95AC1B8C5145005595EA /* InboxViewController.swift */ = {isa = PBXFileReference; fileEncoding = 4; lastKnownFileType = sourcecode.swift; path = InboxViewController.swift; sourceTree = "<group>"; };
		35AC87491B8AB15900B44C7E /* MJRefresh.h */ = {isa = PBXFileReference; fileEncoding = 4; lastKnownFileType = sourcecode.c.h; path = MJRefresh.h; sourceTree = "<group>"; };
		35AC874A1B8AB15900B44C7E /* MJRefreshBaseView.h */ = {isa = PBXFileReference; fileEncoding = 4; lastKnownFileType = sourcecode.c.h; path = MJRefreshBaseView.h; sourceTree = "<group>"; };
		35AC874B1B8AB15900B44C7E /* MJRefreshBaseView.m */ = {isa = PBXFileReference; fileEncoding = 4; lastKnownFileType = sourcecode.c.objc; path = MJRefreshBaseView.m; sourceTree = "<group>"; };
		35AC874C1B8AB15900B44C7E /* MJRefreshConst.h */ = {isa = PBXFileReference; fileEncoding = 4; lastKnownFileType = sourcecode.c.h; path = MJRefreshConst.h; sourceTree = "<group>"; };
		35AC874D1B8AB15900B44C7E /* MJRefreshConst.m */ = {isa = PBXFileReference; fileEncoding = 4; lastKnownFileType = sourcecode.c.objc; path = MJRefreshConst.m; sourceTree = "<group>"; };
		35AC874E1B8AB15900B44C7E /* MJRefreshFooterView.h */ = {isa = PBXFileReference; fileEncoding = 4; lastKnownFileType = sourcecode.c.h; path = MJRefreshFooterView.h; sourceTree = "<group>"; };
		35AC874F1B8AB15900B44C7E /* MJRefreshFooterView.m */ = {isa = PBXFileReference; fileEncoding = 4; lastKnownFileType = sourcecode.c.objc; path = MJRefreshFooterView.m; sourceTree = "<group>"; };
		35AC87501B8AB15900B44C7E /* MJRefreshHeaderView.h */ = {isa = PBXFileReference; fileEncoding = 4; lastKnownFileType = sourcecode.c.h; path = MJRefreshHeaderView.h; sourceTree = "<group>"; };
		35AC87511B8AB15900B44C7E /* MJRefreshHeaderView.m */ = {isa = PBXFileReference; fileEncoding = 4; lastKnownFileType = sourcecode.c.objc; path = MJRefreshHeaderView.m; sourceTree = "<group>"; };
		35AC87521B8AB15900B44C7E /* UIScrollView+MJExtension.h */ = {isa = PBXFileReference; fileEncoding = 4; lastKnownFileType = sourcecode.c.h; path = "UIScrollView+MJExtension.h"; sourceTree = "<group>"; };
		35AC87531B8AB15900B44C7E /* UIScrollView+MJExtension.m */ = {isa = PBXFileReference; fileEncoding = 4; lastKnownFileType = sourcecode.c.objc; path = "UIScrollView+MJExtension.m"; sourceTree = "<group>"; };
		35AC87541B8AB15900B44C7E /* UIScrollView+MJRefresh.h */ = {isa = PBXFileReference; fileEncoding = 4; lastKnownFileType = sourcecode.c.h; path = "UIScrollView+MJRefresh.h"; sourceTree = "<group>"; };
		35AC87551B8AB15900B44C7E /* UIScrollView+MJRefresh.m */ = {isa = PBXFileReference; fileEncoding = 4; lastKnownFileType = sourcecode.c.objc; path = "UIScrollView+MJRefresh.m"; sourceTree = "<group>"; };
		35AC87561B8AB15900B44C7E /* UIView+MJExtension.h */ = {isa = PBXFileReference; fileEncoding = 4; lastKnownFileType = sourcecode.c.h; path = "UIView+MJExtension.h"; sourceTree = "<group>"; };
		35AC87571B8AB15900B44C7E /* UIView+MJExtension.m */ = {isa = PBXFileReference; fileEncoding = 4; lastKnownFileType = sourcecode.c.objc; path = "UIView+MJExtension.m"; sourceTree = "<group>"; };
		35AC875F1B8AB2F800B44C7E /* UserSettingViewController.swift */ = {isa = PBXFileReference; fileEncoding = 4; lastKnownFileType = sourcecode.swift; path = UserSettingViewController.swift; sourceTree = "<group>"; };
		35B2783D1B8D94AB00FA2399 /* Base */ = {isa = PBXFileReference; lastKnownFileType = file.storyboard; name = Base; path = Base.lproj/Main.storyboard; sourceTree = "<group>"; };
		35B278401B8D952100FA2399 /* CommentDetailViewController.swift */ = {isa = PBXFileReference; fileEncoding = 4; lastKnownFileType = sourcecode.swift; path = CommentDetailViewController.swift; sourceTree = "<group>"; };
		35B278421B8D952100FA2399 /* CommentViewController.swift */ = {isa = PBXFileReference; fileEncoding = 4; lastKnownFileType = sourcecode.swift; path = CommentViewController.swift; sourceTree = "<group>"; };
		35B278431B8D952100FA2399 /* CommentVCTableViewCell.swift */ = {isa = PBXFileReference; fileEncoding = 4; lastKnownFileType = sourcecode.swift; path = CommentVCTableViewCell.swift; sourceTree = "<group>"; };
		35B278481B8D955500FA2399 /* Haneke.h */ = {isa = PBXFileReference; fileEncoding = 4; lastKnownFileType = sourcecode.c.h; path = Haneke.h; sourceTree = "<group>"; };
		35B278491B8D955500FA2399 /* HNKCache.h */ = {isa = PBXFileReference; fileEncoding = 4; lastKnownFileType = sourcecode.c.h; path = HNKCache.h; sourceTree = "<group>"; };
		35B2784A1B8D955500FA2399 /* HNKCache.m */ = {isa = PBXFileReference; fileEncoding = 4; lastKnownFileType = sourcecode.c.objc; path = HNKCache.m; sourceTree = "<group>"; };
		35B2784B1B8D955500FA2399 /* HNKDiskCache.h */ = {isa = PBXFileReference; fileEncoding = 4; lastKnownFileType = sourcecode.c.h; path = HNKDiskCache.h; sourceTree = "<group>"; };
		35B2784C1B8D955500FA2399 /* HNKDiskCache.m */ = {isa = PBXFileReference; fileEncoding = 4; lastKnownFileType = sourcecode.c.objc; path = HNKDiskCache.m; sourceTree = "<group>"; };
		35B2784D1B8D955500FA2399 /* HNKDiskFetcher.h */ = {isa = PBXFileReference; fileEncoding = 4; lastKnownFileType = sourcecode.c.h; path = HNKDiskFetcher.h; sourceTree = "<group>"; };
		35B2784E1B8D955500FA2399 /* HNKDiskFetcher.m */ = {isa = PBXFileReference; fileEncoding = 4; lastKnownFileType = sourcecode.c.objc; path = HNKDiskFetcher.m; sourceTree = "<group>"; };
		35B2784F1B8D955500FA2399 /* HNKNetworkFetcher.h */ = {isa = PBXFileReference; fileEncoding = 4; lastKnownFileType = sourcecode.c.h; path = HNKNetworkFetcher.h; sourceTree = "<group>"; };
		35B278501B8D955500FA2399 /* HNKNetworkFetcher.m */ = {isa = PBXFileReference; fileEncoding = 4; lastKnownFileType = sourcecode.c.objc; path = HNKNetworkFetcher.m; sourceTree = "<group>"; };
		35B278511B8D955500FA2399 /* HNKSimpleFetcher.h */ = {isa = PBXFileReference; fileEncoding = 4; lastKnownFileType = sourcecode.c.h; path = HNKSimpleFetcher.h; sourceTree = "<group>"; };
		35B278521B8D955500FA2399 /* HNKSimpleFetcher.m */ = {isa = PBXFileReference; fileEncoding = 4; lastKnownFileType = sourcecode.c.objc; path = HNKSimpleFetcher.m; sourceTree = "<group>"; };
		35B278531B8D955500FA2399 /* UIButton+Haneke.h */ = {isa = PBXFileReference; fileEncoding = 4; lastKnownFileType = sourcecode.c.h; path = "UIButton+Haneke.h"; sourceTree = "<group>"; };
		35B278541B8D955500FA2399 /* UIButton+Haneke.m */ = {isa = PBXFileReference; fileEncoding = 4; lastKnownFileType = sourcecode.c.objc; path = "UIButton+Haneke.m"; sourceTree = "<group>"; };
		35B278551B8D955500FA2399 /* UIImageView+Haneke.h */ = {isa = PBXFileReference; fileEncoding = 4; lastKnownFileType = sourcecode.c.h; path = "UIImageView+Haneke.h"; sourceTree = "<group>"; };
		35B278561B8D955500FA2399 /* UIImageView+Haneke.m */ = {isa = PBXFileReference; fileEncoding = 4; lastKnownFileType = sourcecode.c.objc; path = "UIImageView+Haneke.m"; sourceTree = "<group>"; };
		35B278571B8D955500FA2399 /* UIView+Haneke.h */ = {isa = PBXFileReference; fileEncoding = 4; lastKnownFileType = sourcecode.c.h; path = "UIView+Haneke.h"; sourceTree = "<group>"; };
		35B278581B8D955500FA2399 /* UIView+Haneke.m */ = {isa = PBXFileReference; fileEncoding = 4; lastKnownFileType = sourcecode.c.objc; path = "UIView+Haneke.m"; sourceTree = "<group>"; };
		35B278611B8DA48A00FA2399 /* CommentDetailVCTableViewCell.swift */ = {isa = PBXFileReference; fileEncoding = 4; lastKnownFileType = sourcecode.swift; path = CommentDetailVCTableViewCell.swift; sourceTree = "<group>"; };
		35B278631B8EA2FD00FA2399 /* CommentContentViewController.swift */ = {isa = PBXFileReference; fileEncoding = 4; lastKnownFileType = sourcecode.swift; path = CommentContentViewController.swift; sourceTree = "<group>"; };
		35B278981B8FFEFD00FA2399 /* PriceHistoryViewController.swift */ = {isa = PBXFileReference; fileEncoding = 4; lastKnownFileType = sourcecode.swift; path = PriceHistoryViewController.swift; sourceTree = "<group>"; };
		35B2789A1B9022EA00FA2399 /* PriceHistoryTableViewCell.swift */ = {isa = PBXFileReference; fileEncoding = 4; lastKnownFileType = sourcecode.swift; path = PriceHistoryTableViewCell.swift; sourceTree = "<group>"; };
		35C712121B8595B3004B267A /* 同鑫资讯.app */ = {isa = PBXFileReference; explicitFileType = wrapper.application; includeInIndex = 0; path = "同鑫资讯.app"; sourceTree = BUILT_PRODUCTS_DIR; };
		35C712161B8595B3004B267A /* Info.plist */ = {isa = PBXFileReference; lastKnownFileType = text.plist.xml; path = Info.plist; sourceTree = "<group>"; };
		35C712171B8595B3004B267A /* AppDelegate.swift */ = {isa = PBXFileReference; lastKnownFileType = sourcecode.swift; path = AppDelegate.swift; sourceTree = "<group>"; };
		35C7121E1B8595B3004B267A /* Images.xcassets */ = {isa = PBXFileReference; lastKnownFileType = folder.assetcatalog; path = Images.xcassets; sourceTree = "<group>"; };
		35C712401B85C0BE004B267A /* LogInViewController.swift */ = {isa = PBXFileReference; fileEncoding = 4; lastKnownFileType = sourcecode.swift; path = LogInViewController.swift; sourceTree = "<group>"; };
		35C712601B86AEE8004B267A /* tongxin_news-Bridging-Header.h */ = {isa = PBXFileReference; lastKnownFileType = sourcecode.c.h; path = "tongxin_news-Bridging-Header.h"; sourceTree = "<group>"; };
		35C712611B86AEE9004B267A /* SKAlertView.h */ = {isa = PBXFileReference; fileEncoding = 4; lastKnownFileType = sourcecode.c.h; path = SKAlertView.h; sourceTree = "<group>"; };
		35C712621B86AEE9004B267A /* SKAlertView.m */ = {isa = PBXFileReference; fileEncoding = 4; lastKnownFileType = sourcecode.c.objc; path = SKAlertView.m; sourceTree = "<group>"; };
		35C712631B86AEE9004B267A /* SKTipAlertView.h */ = {isa = PBXFileReference; fileEncoding = 4; lastKnownFileType = sourcecode.c.h; path = SKTipAlertView.h; sourceTree = "<group>"; };
		35C712641B86AEE9004B267A /* SKTipAlertView.m */ = {isa = PBXFileReference; fileEncoding = 4; lastKnownFileType = sourcecode.c.objc; path = SKTipAlertView.m; sourceTree = "<group>"; };
		35C712681B86AFA5004B267A /* Alamofire.swift */ = {isa = PBXFileReference; fileEncoding = 4; lastKnownFileType = sourcecode.swift; path = Alamofire.swift; sourceTree = "<group>"; };
		35C712691B86AFA5004B267A /* Download.swift */ = {isa = PBXFileReference; fileEncoding = 4; lastKnownFileType = sourcecode.swift; path = Download.swift; sourceTree = "<group>"; };
		35C7126A1B86AFA5004B267A /* Manager.swift */ = {isa = PBXFileReference; fileEncoding = 4; lastKnownFileType = sourcecode.swift; path = Manager.swift; sourceTree = "<group>"; };
		35C7126B1B86AFA5004B267A /* MultipartFormData.swift */ = {isa = PBXFileReference; fileEncoding = 4; lastKnownFileType = sourcecode.swift; path = MultipartFormData.swift; sourceTree = "<group>"; };
		35C7126C1B86AFA5004B267A /* ParameterEncoding.swift */ = {isa = PBXFileReference; fileEncoding = 4; lastKnownFileType = sourcecode.swift; path = ParameterEncoding.swift; sourceTree = "<group>"; };
		35C7126D1B86AFA5004B267A /* Request.swift */ = {isa = PBXFileReference; fileEncoding = 4; lastKnownFileType = sourcecode.swift; path = Request.swift; sourceTree = "<group>"; };
		35C7126E1B86AFA5004B267A /* ResponseSerialization.swift */ = {isa = PBXFileReference; fileEncoding = 4; lastKnownFileType = sourcecode.swift; path = ResponseSerialization.swift; sourceTree = "<group>"; };
		35C7126F1B86AFA5004B267A /* ServerTrustPolicy.swift */ = {isa = PBXFileReference; fileEncoding = 4; lastKnownFileType = sourcecode.swift; path = ServerTrustPolicy.swift; sourceTree = "<group>"; };
		35C712701B86AFA5004B267A /* Upload.swift */ = {isa = PBXFileReference; fileEncoding = 4; lastKnownFileType = sourcecode.swift; path = Upload.swift; sourceTree = "<group>"; };
		35C712711B86AFA5004B267A /* Validation.swift */ = {isa = PBXFileReference; fileEncoding = 4; lastKnownFileType = sourcecode.swift; path = Validation.swift; sourceTree = "<group>"; };
		35C7127C1B86B008004B267A /* EndPoints.swift */ = {isa = PBXFileReference; fileEncoding = 4; lastKnownFileType = sourcecode.swift; path = EndPoints.swift; sourceTree = "<group>"; };
		35C7127F1B86B09E004B267A /* SwiftyJSON.swift */ = {isa = PBXFileReference; fileEncoding = 4; lastKnownFileType = sourcecode.swift; path = SwiftyJSON.swift; sourceTree = "<group>"; };
		35C712811B86B126004B267A /* HomeTabBarViewController.swift */ = {isa = PBXFileReference; fileEncoding = 4; lastKnownFileType = sourcecode.swift; path = HomeTabBarViewController.swift; sourceTree = "<group>"; };
		35C712841B86B2BE004B267A /* MBProgressHUD.h */ = {isa = PBXFileReference; fileEncoding = 4; lastKnownFileType = sourcecode.c.h; path = MBProgressHUD.h; sourceTree = "<group>"; };
		35C712851B86B2BE004B267A /* MBProgressHUD.m */ = {isa = PBXFileReference; fileEncoding = 4; lastKnownFileType = sourcecode.c.objc; path = MBProgressHUD.m; sourceTree = "<group>"; };
		35C7128A1B86CC5D004B267A /* HTHorizontalSelectionList.h */ = {isa = PBXFileReference; fileEncoding = 4; lastKnownFileType = sourcecode.c.h; path = HTHorizontalSelectionList.h; sourceTree = "<group>"; };
		35C7128B1B86CC5D004B267A /* HTHorizontalSelectionList.m */ = {isa = PBXFileReference; fileEncoding = 4; lastKnownFileType = sourcecode.c.objc; path = HTHorizontalSelectionList.m; sourceTree = "<group>"; };
		35C7128C1B86CC5D004B267A /* HTHorizontalSelectionListCell.h */ = {isa = PBXFileReference; fileEncoding = 4; lastKnownFileType = sourcecode.c.h; path = HTHorizontalSelectionListCell.h; sourceTree = "<group>"; };
		35C7128D1B86CC5D004B267A /* HTHorizontalSelectionListCustomViewCell.h */ = {isa = PBXFileReference; fileEncoding = 4; lastKnownFileType = sourcecode.c.h; path = HTHorizontalSelectionListCustomViewCell.h; sourceTree = "<group>"; };
		35C7128E1B86CC5D004B267A /* HTHorizontalSelectionListCustomViewCell.m */ = {isa = PBXFileReference; fileEncoding = 4; lastKnownFileType = sourcecode.c.objc; path = HTHorizontalSelectionListCustomViewCell.m; sourceTree = "<group>"; };
		35C7128F1B86CC5D004B267A /* HTHorizontalSelectionListLabelCell.h */ = {isa = PBXFileReference; fileEncoding = 4; lastKnownFileType = sourcecode.c.h; path = HTHorizontalSelectionListLabelCell.h; sourceTree = "<group>"; };
		35C712901B86CC5D004B267A /* HTHorizontalSelectionListLabelCell.m */ = {isa = PBXFileReference; fileEncoding = 4; lastKnownFileType = sourcecode.c.objc; path = HTHorizontalSelectionListLabelCell.m; sourceTree = "<group>"; };
		35C712951B86CC79004B267A /* MXPullDownMenu.h */ = {isa = PBXFileReference; fileEncoding = 4; lastKnownFileType = sourcecode.c.h; path = MXPullDownMenu.h; sourceTree = "<group>"; };
		35C712961B86CC79004B267A /* MXPullDownMenu.m */ = {isa = PBXFileReference; fileEncoding = 4; lastKnownFileType = sourcecode.c.objc; path = MXPullDownMenu.m; sourceTree = "<group>"; };
/* End PBXFileReference section */

/* Begin PBXFrameworksBuildPhase section */
		35C7120F1B8595B3004B267A /* Frameworks */ = {
			isa = PBXFrameworksBuildPhase;
			buildActionMask = 2147483647;
			files = (
			);
			runOnlyForDeploymentPostprocessing = 0;
		};
/* End PBXFrameworksBuildPhase section */

/* Begin PBXGroup section */
		35AC87481B8AB14A00B44C7E /* MJRefresh */ = {
			isa = PBXGroup;
			children = (
				35AC87491B8AB15900B44C7E /* MJRefresh.h */,
				35AC874A1B8AB15900B44C7E /* MJRefreshBaseView.h */,
				35AC874B1B8AB15900B44C7E /* MJRefreshBaseView.m */,
				35AC874C1B8AB15900B44C7E /* MJRefreshConst.h */,
				35AC874D1B8AB15900B44C7E /* MJRefreshConst.m */,
				35AC874E1B8AB15900B44C7E /* MJRefreshFooterView.h */,
				35AC874F1B8AB15900B44C7E /* MJRefreshFooterView.m */,
				35AC87501B8AB15900B44C7E /* MJRefreshHeaderView.h */,
				35AC87511B8AB15900B44C7E /* MJRefreshHeaderView.m */,
				35AC87521B8AB15900B44C7E /* UIScrollView+MJExtension.h */,
				35AC87531B8AB15900B44C7E /* UIScrollView+MJExtension.m */,
				35AC87541B8AB15900B44C7E /* UIScrollView+MJRefresh.h */,
				35AC87551B8AB15900B44C7E /* UIScrollView+MJRefresh.m */,
				35AC87561B8AB15900B44C7E /* UIView+MJExtension.h */,
				35AC87571B8AB15900B44C7E /* UIView+MJExtension.m */,
			);
			name = MJRefresh;
			sourceTree = "<group>";
		};
		35B2783F1B8D950200FA2399 /* Haneke */ = {
			isa = PBXGroup;
			children = (
				35B278481B8D955500FA2399 /* Haneke.h */,
				35B278491B8D955500FA2399 /* HNKCache.h */,
				35B2784A1B8D955500FA2399 /* HNKCache.m */,
				35B2784B1B8D955500FA2399 /* HNKDiskCache.h */,
				35B2784C1B8D955500FA2399 /* HNKDiskCache.m */,
				35B2784D1B8D955500FA2399 /* HNKDiskFetcher.h */,
				35B2784E1B8D955500FA2399 /* HNKDiskFetcher.m */,
				35B2784F1B8D955500FA2399 /* HNKNetworkFetcher.h */,
				35B278501B8D955500FA2399 /* HNKNetworkFetcher.m */,
				35B278511B8D955500FA2399 /* HNKSimpleFetcher.h */,
				35B278521B8D955500FA2399 /* HNKSimpleFetcher.m */,
				35B278531B8D955500FA2399 /* UIButton+Haneke.h */,
				35B278541B8D955500FA2399 /* UIButton+Haneke.m */,
				35B278551B8D955500FA2399 /* UIImageView+Haneke.h */,
				35B278561B8D955500FA2399 /* UIImageView+Haneke.m */,
				35B278571B8D955500FA2399 /* UIView+Haneke.h */,
				35B278581B8D955500FA2399 /* UIView+Haneke.m */,
			);
			name = Haneke;
			sourceTree = "<group>";
		};
		35C712091B8595B3004B267A = {
			isa = PBXGroup;
			children = (
				35C712141B8595B3004B267A /* tongxin_news */,
				35C712131B8595B3004B267A /* Products */,
			);
			sourceTree = "<group>";
		};
		35C712131B8595B3004B267A /* Products */ = {
			isa = PBXGroup;
			children = (
				35C712121B8595B3004B267A /* 同鑫资讯.app */,
			);
			name = Products;
			sourceTree = "<group>";
		};
		35C712141B8595B3004B267A /* tongxin_news */ = {
			isa = PBXGroup;
			children = (
				35B2783F1B8D950200FA2399 /* Haneke */,
				35AC87481B8AB14A00B44C7E /* MJRefresh */,
				35C712941B86CC6F004B267A /* MXPullDownMenu */,
				35C712891B86CC4C004B267A /* HTHorizontalSelectionList */,
				35C712831B86B2AE004B267A /* MBProgressHUD */,
				35C712151B8595B3004B267A /* Supporting Files */,
				35C7127E1B86B077004B267A /* SwiftyJSON */,
				35C712671B86AF12004B267A /* Alamofire */,
				35C7125F1B86AEB7004B267A /* SKAlertView */,
				35C712171B8595B3004B267A /* AppDelegate.swift */,
				35B2783C1B8D94AB00FA2399 /* Main.storyboard */,
				35C712601B86AEE8004B267A /* tongxin_news-Bridging-Header.h */,
				35C7121E1B8595B3004B267A /* Images.xcassets */,
				35C7127C1B86B008004B267A /* EndPoints.swift */,
				35C712401B85C0BE004B267A /* LogInViewController.swift */,
				35C712811B86B126004B267A /* HomeTabBarViewController.swift */,
				35AC875F1B8AB2F800B44C7E /* UserSettingViewController.swift */,
				355C95A41B8AF089005595EA /* PriceViewController.swift */,
				355C95A61B8C0665005595EA /* PriceDetailViewController.swift */,
				355C95A81B8C1407005595EA /* PriceVCTableViewCell.swift */,
				355C95AA1B8C20CB005595EA /* PriceDetailVCTableViewCell.swift */,
				355C95AC1B8C5145005595EA /* InboxViewController.swift */,
				35B278401B8D952100FA2399 /* CommentDetailViewController.swift */,
				35B278421B8D952100FA2399 /* CommentViewController.swift */,
				35B278431B8D952100FA2399 /* CommentVCTableViewCell.swift */,
				35B278611B8DA48A00FA2399 /* CommentDetailVCTableViewCell.swift */,
				35B278631B8EA2FD00FA2399 /* CommentContentViewController.swift */,
				35B278981B8FFEFD00FA2399 /* PriceHistoryViewController.swift */,
				35B2789A1B9022EA00FA2399 /* PriceHistoryTableViewCell.swift */,
			);
			path = tongxin_news;
			sourceTree = "<group>";
		};
		35C712151B8595B3004B267A /* Supporting Files */ = {
			isa = PBXGroup;
			children = (
				35C712161B8595B3004B267A /* Info.plist */,
			);
			name = "Supporting Files";
			sourceTree = "<group>";
		};
		35C7125F1B86AEB7004B267A /* SKAlertView */ = {
			isa = PBXGroup;
			children = (
				35C712611B86AEE9004B267A /* SKAlertView.h */,
				35C712621B86AEE9004B267A /* SKAlertView.m */,
				35C712631B86AEE9004B267A /* SKTipAlertView.h */,
				35C712641B86AEE9004B267A /* SKTipAlertView.m */,
			);
			name = SKAlertView;
			sourceTree = "<group>";
		};
		35C712671B86AF12004B267A /* Alamofire */ = {
			isa = PBXGroup;
			children = (
				35C712681B86AFA5004B267A /* Alamofire.swift */,
				35C712691B86AFA5004B267A /* Download.swift */,
				35C7126A1B86AFA5004B267A /* Manager.swift */,
				35C7126B1B86AFA5004B267A /* MultipartFormData.swift */,
				35C7126C1B86AFA5004B267A /* ParameterEncoding.swift */,
				35C7126D1B86AFA5004B267A /* Request.swift */,
				35C7126E1B86AFA5004B267A /* ResponseSerialization.swift */,
				35C7126F1B86AFA5004B267A /* ServerTrustPolicy.swift */,
				35C712701B86AFA5004B267A /* Upload.swift */,
				35C712711B86AFA5004B267A /* Validation.swift */,
			);
			name = Alamofire;
			sourceTree = "<group>";
		};
		35C7127E1B86B077004B267A /* SwiftyJSON */ = {
			isa = PBXGroup;
			children = (
				35C7127F1B86B09E004B267A /* SwiftyJSON.swift */,
			);
			name = SwiftyJSON;
			sourceTree = "<group>";
		};
		35C712831B86B2AE004B267A /* MBProgressHUD */ = {
			isa = PBXGroup;
			children = (
				35C712841B86B2BE004B267A /* MBProgressHUD.h */,
				35C712851B86B2BE004B267A /* MBProgressHUD.m */,
			);
			name = MBProgressHUD;
			sourceTree = "<group>";
		};
		35C712891B86CC4C004B267A /* HTHorizontalSelectionList */ = {
			isa = PBXGroup;
			children = (
				35C7128A1B86CC5D004B267A /* HTHorizontalSelectionList.h */,
				35C7128B1B86CC5D004B267A /* HTHorizontalSelectionList.m */,
				35C7128C1B86CC5D004B267A /* HTHorizontalSelectionListCell.h */,
				35C7128D1B86CC5D004B267A /* HTHorizontalSelectionListCustomViewCell.h */,
				35C7128E1B86CC5D004B267A /* HTHorizontalSelectionListCustomViewCell.m */,
				35C7128F1B86CC5D004B267A /* HTHorizontalSelectionListLabelCell.h */,
				35C712901B86CC5D004B267A /* HTHorizontalSelectionListLabelCell.m */,
			);
			name = HTHorizontalSelectionList;
			sourceTree = "<group>";
		};
		35C712941B86CC6F004B267A /* MXPullDownMenu */ = {
			isa = PBXGroup;
			children = (
				35C712951B86CC79004B267A /* MXPullDownMenu.h */,
				35C712961B86CC79004B267A /* MXPullDownMenu.m */,
			);
			name = MXPullDownMenu;
			sourceTree = "<group>";
		};
/* End PBXGroup section */

/* Begin PBXNativeTarget section */
		35C712111B8595B3004B267A /* tongxin_news */ = {
			isa = PBXNativeTarget;
			buildConfigurationList = 35C712311B8595B3004B267A /* Build configuration list for PBXNativeTarget "tongxin_news" */;
			buildPhases = (
				35C7120E1B8595B3004B267A /* Sources */,
				35C7120F1B8595B3004B267A /* Frameworks */,
				35C712101B8595B3004B267A /* Resources */,
			);
			buildRules = (
			);
			dependencies = (
			);
			name = tongxin_news;
			productName = tongxin_news;
			productReference = 35C712121B8595B3004B267A /* 同鑫资讯.app */;
			productType = "com.apple.product-type.application";
		};
/* End PBXNativeTarget section */

/* Begin PBXProject section */
		35C7120A1B8595B3004B267A /* Project object */ = {
			isa = PBXProject;
			attributes = {
				LastUpgradeCheck = 0640;
				ORGANIZATIONNAME = "郭轩";
				TargetAttributes = {
					35C712111B8595B3004B267A = {
						CreatedOnToolsVersion = 6.4;
						DevelopmentTeam = L4TXWGS3FM;
						SystemCapabilities = {
							com.apple.BackgroundModes = {
								enabled = 1;
							};
						};
					};
				};
			};
			buildConfigurationList = 35C7120D1B8595B3004B267A /* Build configuration list for PBXProject "tongxin_news" */;
			compatibilityVersion = "Xcode 3.2";
			developmentRegion = English;
			hasScannedForEncodings = 0;
			knownRegions = (
				en,
				Base,
			);
			mainGroup = 35C712091B8595B3004B267A;
			productRefGroup = 35C712131B8595B3004B267A /* Products */;
			projectDirPath = "";
			projectRoot = "";
			targets = (
				35C712111B8595B3004B267A /* tongxin_news */,
			);
		};
/* End PBXProject section */

/* Begin PBXResourcesBuildPhase section */
		35C712101B8595B3004B267A /* Resources */ = {
			isa = PBXResourcesBuildPhase;
			buildActionMask = 2147483647;
			files = (
				35C7121F1B8595B3004B267A /* Images.xcassets in Resources */,
				35B2783E1B8D94AB00FA2399 /* Main.storyboard in Resources */,
			);
			runOnlyForDeploymentPostprocessing = 0;
		};
/* End PBXResourcesBuildPhase section */

/* Begin PBXSourcesBuildPhase section */
		35C7120E1B8595B3004B267A /* Sources */ = {
			isa = PBXSourcesBuildPhase;
			buildActionMask = 2147483647;
			files = (
				355C95AD1B8C5145005595EA /* InboxViewController.swift in Sources */,
				35C712761B86AFA5004B267A /* ParameterEncoding.swift in Sources */,
				35AC875E1B8AB15900B44C7E /* UIView+MJExtension.m in Sources */,
				35AC87601B8AB2F800B44C7E /* UserSettingViewController.swift in Sources */,
				35C7127D1B86B008004B267A /* EndPoints.swift in Sources */,
				35B278621B8DA48A00FA2399 /* CommentDetailVCTableViewCell.swift in Sources */,
				35C712821B86B126004B267A /* HomeTabBarViewController.swift in Sources */,
				35C712411B85C0BE004B267A /* LogInViewController.swift in Sources */,
				355C95A91B8C1407005595EA /* PriceVCTableViewCell.swift in Sources */,
				355C95A51B8AF089005595EA /* PriceViewController.swift in Sources */,
				35B278461B8D952100FA2399 /* CommentViewController.swift in Sources */,
				35C712721B86AFA5004B267A /* Alamofire.swift in Sources */,
				35C712791B86AFA5004B267A /* ServerTrustPolicy.swift in Sources */,
				35C712921B86CC5D004B267A /* HTHorizontalSelectionListCustomViewCell.m in Sources */,
				35C712751B86AFA5004B267A /* MultipartFormData.swift in Sources */,
				35C712661B86AEE9004B267A /* SKTipAlertView.m in Sources */,
				35C712911B86CC5D004B267A /* HTHorizontalSelectionList.m in Sources */,
				35B2785F1B8D955500FA2399 /* UIImageView+Haneke.m in Sources */,
				35B2785E1B8D955500FA2399 /* UIButton+Haneke.m in Sources */,
				35C7127B1B86AFA5004B267A /* Validation.swift in Sources */,
				35B278441B8D952100FA2399 /* CommentDetailViewController.swift in Sources */,
				35C7127A1B86AFA5004B267A /* Upload.swift in Sources */,
				35C712731B86AFA5004B267A /* Download.swift in Sources */,
				35C712741B86AFA5004B267A /* Manager.swift in Sources */,
				35B2785D1B8D955500FA2399 /* HNKSimpleFetcher.m in Sources */,
				355C95AB1B8C20CB005595EA /* PriceDetailVCTableViewCell.swift in Sources */,
				35B2785C1B8D955500FA2399 /* HNKNetworkFetcher.m in Sources */,
				35AC875B1B8AB15900B44C7E /* MJRefreshHeaderView.m in Sources */,
				35AC875C1B8AB15900B44C7E /* UIScrollView+MJExtension.m in Sources */,
				35C712801B86B09E004B267A /* SwiftyJSON.swift in Sources */,
				35AC875A1B8AB15900B44C7E /* MJRefreshFooterView.m in Sources */,
				35C712861B86B2BE004B267A /* MBProgressHUD.m in Sources */,
				35C712771B86AFA5004B267A /* Request.swift in Sources */,
				35AC875D1B8AB15900B44C7E /* UIScrollView+MJRefresh.m in Sources */,
				35B278641B8EA2FD00FA2399 /* CommentContentViewController.swift in Sources */,
				35AC87581B8AB15900B44C7E /* MJRefreshBaseView.m in Sources */,
				35B278471B8D952100FA2399 /* CommentVCTableViewCell.swift in Sources */,
				35B278601B8D955500FA2399 /* UIView+Haneke.m in Sources */,
				35C712781B86AFA5004B267A /* ResponseSerialization.swift in Sources */,
				35C712931B86CC5D004B267A /* HTHorizontalSelectionListLabelCell.m in Sources */,
				35C712181B8595B3004B267A /* AppDelegate.swift in Sources */,
				35B2785B1B8D955500FA2399 /* HNKDiskFetcher.m in Sources */,
				35B2789B1B9022EA00FA2399 /* PriceHistoryTableViewCell.swift in Sources */,
				35B2785A1B8D955500FA2399 /* HNKDiskCache.m in Sources */,
				35B278591B8D955500FA2399 /* HNKCache.m in Sources */,
				35C712971B86CC79004B267A /* MXPullDownMenu.m in Sources */,
				35B278991B8FFEFD00FA2399 /* PriceHistoryViewController.swift in Sources */,
				35C712651B86AEE9004B267A /* SKAlertView.m in Sources */,
				35AC87591B8AB15900B44C7E /* MJRefreshConst.m in Sources */,
				355C95A71B8C0665005595EA /* PriceDetailViewController.swift in Sources */,
			);
			runOnlyForDeploymentPostprocessing = 0;
		};
/* End PBXSourcesBuildPhase section */

/* Begin PBXVariantGroup section */
		35B2783C1B8D94AB00FA2399 /* Main.storyboard */ = {
			isa = PBXVariantGroup;
			children = (
				35B2783D1B8D94AB00FA2399 /* Base */,
			);
			name = Main.storyboard;
			sourceTree = "<group>";
		};
/* End PBXVariantGroup section */

/* Begin XCBuildConfiguration section */
		35C7122F1B8595B3004B267A /* Debug */ = {
			isa = XCBuildConfiguration;
			buildSettings = {
				ALWAYS_SEARCH_USER_PATHS = NO;
				CLANG_CXX_LANGUAGE_STANDARD = "gnu++0x";
				CLANG_CXX_LIBRARY = "libc++";
				CLANG_ENABLE_MODULES = YES;
				CLANG_ENABLE_OBJC_ARC = YES;
				CLANG_WARN_BOOL_CONVERSION = YES;
				CLANG_WARN_CONSTANT_CONVERSION = YES;
				CLANG_WARN_DIRECT_OBJC_ISA_USAGE = YES_ERROR;
				CLANG_WARN_EMPTY_BODY = YES;
				CLANG_WARN_ENUM_CONVERSION = YES;
				CLANG_WARN_INT_CONVERSION = YES;
				CLANG_WARN_OBJC_ROOT_CLASS = YES_ERROR;
				CLANG_WARN_UNREACHABLE_CODE = YES;
				CLANG_WARN__DUPLICATE_METHOD_MATCH = YES;
				"CODE_SIGN_IDENTITY[sdk=iphoneos*]" = "iPhone Developer";
				COPY_PHASE_STRIP = NO;
				DEBUG_INFORMATION_FORMAT = "dwarf-with-dsym";
				ENABLE_STRICT_OBJC_MSGSEND = YES;
				GCC_C_LANGUAGE_STANDARD = gnu99;
				GCC_DYNAMIC_NO_PIC = NO;
				GCC_NO_COMMON_BLOCKS = YES;
				GCC_OPTIMIZATION_LEVEL = 0;
				GCC_PREPROCESSOR_DEFINITIONS = (
					"DEBUG=1",
					"$(inherited)",
				);
				GCC_SYMBOLS_PRIVATE_EXTERN = NO;
				GCC_WARN_64_TO_32_BIT_CONVERSION = YES;
				GCC_WARN_ABOUT_RETURN_TYPE = YES_ERROR;
				GCC_WARN_UNDECLARED_SELECTOR = YES;
				GCC_WARN_UNINITIALIZED_AUTOS = YES_AGGRESSIVE;
				GCC_WARN_UNUSED_FUNCTION = YES;
				GCC_WARN_UNUSED_VARIABLE = YES;
				IPHONEOS_DEPLOYMENT_TARGET = 8.4;
				MTL_ENABLE_DEBUG_INFO = YES;
				ONLY_ACTIVE_ARCH = YES;
				PRODUCT_NAME = "同鑫资讯";
				PROVISIONING_PROFILE = "";
				SDKROOT = iphoneos;
				SWIFT_OPTIMIZATION_LEVEL = "-Onone";
			};
			name = Debug;
		};
		35C712301B8595B3004B267A /* Release */ = {
			isa = XCBuildConfiguration;
			buildSettings = {
				ALWAYS_SEARCH_USER_PATHS = NO;
				CLANG_CXX_LANGUAGE_STANDARD = "gnu++0x";
				CLANG_CXX_LIBRARY = "libc++";
				CLANG_ENABLE_MODULES = YES;
				CLANG_ENABLE_OBJC_ARC = YES;
				CLANG_WARN_BOOL_CONVERSION = YES;
				CLANG_WARN_CONSTANT_CONVERSION = YES;
				CLANG_WARN_DIRECT_OBJC_ISA_USAGE = YES_ERROR;
				CLANG_WARN_EMPTY_BODY = YES;
				CLANG_WARN_ENUM_CONVERSION = YES;
				CLANG_WARN_INT_CONVERSION = YES;
				CLANG_WARN_OBJC_ROOT_CLASS = YES_ERROR;
				CLANG_WARN_UNREACHABLE_CODE = YES;
				CLANG_WARN__DUPLICATE_METHOD_MATCH = YES;
				"CODE_SIGN_IDENTITY[sdk=iphoneos*]" = "iPhone Developer";
				COPY_PHASE_STRIP = NO;
				DEBUG_INFORMATION_FORMAT = "dwarf-with-dsym";
				ENABLE_NS_ASSERTIONS = NO;
				ENABLE_STRICT_OBJC_MSGSEND = YES;
				GCC_C_LANGUAGE_STANDARD = gnu99;
				GCC_NO_COMMON_BLOCKS = YES;
				GCC_WARN_64_TO_32_BIT_CONVERSION = YES;
				GCC_WARN_ABOUT_RETURN_TYPE = YES_ERROR;
				GCC_WARN_UNDECLARED_SELECTOR = YES;
				GCC_WARN_UNINITIALIZED_AUTOS = YES_AGGRESSIVE;
				GCC_WARN_UNUSED_FUNCTION = YES;
				GCC_WARN_UNUSED_VARIABLE = YES;
				IPHONEOS_DEPLOYMENT_TARGET = 8.4;
				MTL_ENABLE_DEBUG_INFO = NO;
				PRODUCT_NAME = "同鑫资讯";
				PROVISIONING_PROFILE = "";
				SDKROOT = iphoneos;
				SWIFT_OPTIMIZATION_LEVEL = "-O";
				VALIDATE_PRODUCT = YES;
			};
			name = Release;
		};
		35C712321B8595B3004B267A /* Debug */ = {
			isa = XCBuildConfiguration;
			buildSettings = {
				ASSETCATALOG_COMPILER_APPICON_NAME = AppIcon;
				ASSETCATALOG_COMPILER_LAUNCHIMAGE_NAME = LaunchImage;
				CLANG_ENABLE_MODULES = YES;
				CODE_SIGN_IDENTITY = "iPhone Developer";
				INFOPLIST_FILE = tongxin_news/Info.plist;
				IPHONEOS_DEPLOYMENT_TARGET = 7.0;
				LD_RUNPATH_SEARCH_PATHS = "$(inherited) @executable_path/Frameworks";
				PRODUCT_NAME = "同鑫资讯";
				PROVISIONING_PROFILE = "";
				SWIFT_OBJC_BRIDGING_HEADER = "tongxin_news/tongxin_news-Bridging-Header.h";
				SWIFT_OPTIMIZATION_LEVEL = "-Onone";
			};
			name = Debug;
		};
		35C712331B8595B3004B267A /* Release */ = {
			isa = XCBuildConfiguration;
			buildSettings = {
				ASSETCATALOG_COMPILER_APPICON_NAME = AppIcon;
				ASSETCATALOG_COMPILER_LAUNCHIMAGE_NAME = LaunchImage;
				CLANG_ENABLE_MODULES = YES;
				CODE_SIGN_IDENTITY = "iPhone Developer";
				INFOPLIST_FILE = tongxin_news/Info.plist;
				IPHONEOS_DEPLOYMENT_TARGET = 7.0;
				LD_RUNPATH_SEARCH_PATHS = "$(inherited) @executable_path/Frameworks";
				PRODUCT_NAME = "同鑫资讯";
				PROVISIONING_PROFILE = "";
				SWIFT_OBJC_BRIDGING_HEADER = "tongxin_news/tongxin_news-Bridging-Header.h";
				SWIFT_OPTIMIZATION_LEVEL = "-O";
			};
			name = Release;
		};
/* End XCBuildConfiguration section */

/* Begin XCConfigurationList section */
		35C7120D1B8595B3004B267A /* Build configuration list for PBXProject "tongxin_news" */ = {
			isa = XCConfigurationList;
			buildConfigurations = (
				35C7122F1B8595B3004B267A /* Debug */,
				35C712301B8595B3004B267A /* Release */,
			);
			defaultConfigurationIsVisible = 0;
			defaultConfigurationName = Release;
		};
		35C712311B8595B3004B267A /* Build configuration list for PBXNativeTarget "tongxin_news" */ = {
			isa = XCConfigurationList;
			buildConfigurations = (
				35C712321B8595B3004B267A /* Debug */,
				35C712331B8595B3004B267A /* Release */,
			);
			defaultConfigurationIsVisible = 0;
			defaultConfigurationName = Release;
		};
/* End XCConfigurationList section */
	};
	rootObject = 35C7120A1B8595B3004B267A /* Project object */;
}
