// !$*UTF8*$!
{
	archiveVersion = 1;
	classes = {
	};
	objectVersion = 46;
	objects = {

/* Begin PBXBuildFile section */
		3502271B1BE7556E00DE2B6B /* InboxTableViewCell.swift in Sources */ = {isa = PBXBuildFile; fileRef = 3502271A1BE7556E00DE2B6B /* InboxTableViewCell.swift */; };
		350901911BB4F7600010FFFE /* ForgetPasswordViewController.swift in Sources */ = {isa = PBXBuildFile; fileRef = 350901901BB4F7600010FFFE /* ForgetPasswordViewController.swift */; };
		3515CB211B94367200EC54D7 /* Chart.swift in Sources */ = {isa = PBXBuildFile; fileRef = 3515CB1E1B94367200EC54D7 /* Chart.swift */; };
		3515CB221B94367200EC54D7 /* ChartColors.swift in Sources */ = {isa = PBXBuildFile; fileRef = 3515CB1F1B94367200EC54D7 /* ChartColors.swift */; };
		3515CB231B94367200EC54D7 /* ChartSeries.swift in Sources */ = {isa = PBXBuildFile; fileRef = 3515CB201B94367200EC54D7 /* ChartSeries.swift */; };
		3515CB251B9BE45000EC54D7 /* EcosystemViewController.swift in Sources */ = {isa = PBXBuildFile; fileRef = 3515CB241B9BE45000EC54D7 /* EcosystemViewController.swift */; };
		3515CB461B9D552600EC54D7 /* ChannelViewController.swift in Sources */ = {isa = PBXBuildFile; fileRef = 3515CB451B9D552600EC54D7 /* ChannelViewController.swift */; };
		3515CB481B9D62AA00EC54D7 /* ChannelCatalogViewController.swift in Sources */ = {isa = PBXBuildFile; fileRef = 3515CB471B9D62AA00EC54D7 /* ChannelCatalogViewController.swift */; };
		3515CB4A1B9D693C00EC54D7 /* ChannelCatalogTableViewCell.swift in Sources */ = {isa = PBXBuildFile; fileRef = 3515CB491B9D693C00EC54D7 /* ChannelCatalogTableViewCell.swift */; };
		3517CBD91BD5EDD500EE40FB /* MyFocusTableViewCell.swift in Sources */ = {isa = PBXBuildFile; fileRef = 3517CBD81BD5EDD500EE40FB /* MyFocusTableViewCell.swift */; };
		3517CBDB1BD6095300EE40FB /* MyPublishViewController.swift in Sources */ = {isa = PBXBuildFile; fileRef = 3517CBDA1BD6095300EE40FB /* MyPublishViewController.swift */; };
		3517CBDD1BD62AC000EE40FB /* MyPublishTableViewCell.swift in Sources */ = {isa = PBXBuildFile; fileRef = 3517CBDC1BD62AC000EE40FB /* MyPublishTableViewCell.swift */; };
		355483EE1BDA3AFF00AEFBEF /* Alamofire.swift in Sources */ = {isa = PBXBuildFile; fileRef = 355483E01BDA3AFF00AEFBEF /* Alamofire.swift */; };
		355483EF1BDA3AFF00AEFBEF /* Download.swift in Sources */ = {isa = PBXBuildFile; fileRef = 355483E11BDA3AFF00AEFBEF /* Download.swift */; };
		355483F01BDA3AFF00AEFBEF /* Error.swift in Sources */ = {isa = PBXBuildFile; fileRef = 355483E21BDA3AFF00AEFBEF /* Error.swift */; };
		355483F11BDA3AFF00AEFBEF /* Manager.swift in Sources */ = {isa = PBXBuildFile; fileRef = 355483E31BDA3AFF00AEFBEF /* Manager.swift */; };
		355483F21BDA3AFF00AEFBEF /* MultipartFormData.swift in Sources */ = {isa = PBXBuildFile; fileRef = 355483E41BDA3AFF00AEFBEF /* MultipartFormData.swift */; };
		355483F31BDA3AFF00AEFBEF /* ParameterEncoding.swift in Sources */ = {isa = PBXBuildFile; fileRef = 355483E51BDA3AFF00AEFBEF /* ParameterEncoding.swift */; };
		355483F41BDA3AFF00AEFBEF /* Request.swift in Sources */ = {isa = PBXBuildFile; fileRef = 355483E61BDA3AFF00AEFBEF /* Request.swift */; };
		355483F51BDA3AFF00AEFBEF /* Response.swift in Sources */ = {isa = PBXBuildFile; fileRef = 355483E71BDA3AFF00AEFBEF /* Response.swift */; };
		355483F61BDA3AFF00AEFBEF /* ResponseSerialization.swift in Sources */ = {isa = PBXBuildFile; fileRef = 355483E81BDA3AFF00AEFBEF /* ResponseSerialization.swift */; };
		355483F71BDA3AFF00AEFBEF /* Result.swift in Sources */ = {isa = PBXBuildFile; fileRef = 355483E91BDA3AFF00AEFBEF /* Result.swift */; };
		355483F81BDA3AFF00AEFBEF /* ServerTrustPolicy.swift in Sources */ = {isa = PBXBuildFile; fileRef = 355483EA1BDA3AFF00AEFBEF /* ServerTrustPolicy.swift */; };
		355483F91BDA3AFF00AEFBEF /* Stream.swift in Sources */ = {isa = PBXBuildFile; fileRef = 355483EB1BDA3AFF00AEFBEF /* Stream.swift */; };
		355483FA1BDA3AFF00AEFBEF /* Upload.swift in Sources */ = {isa = PBXBuildFile; fileRef = 355483EC1BDA3AFF00AEFBEF /* Upload.swift */; };
		355483FB1BDA3AFF00AEFBEF /* Validation.swift in Sources */ = {isa = PBXBuildFile; fileRef = 355483ED1BDA3AFF00AEFBEF /* Validation.swift */; };
		355C95A51B8AF089005595EA /* PriceViewController.swift in Sources */ = {isa = PBXBuildFile; fileRef = 355C95A41B8AF089005595EA /* PriceViewController.swift */; };
		355C95A71B8C0665005595EA /* PriceDetailViewController.swift in Sources */ = {isa = PBXBuildFile; fileRef = 355C95A61B8C0665005595EA /* PriceDetailViewController.swift */; };
		355C95A91B8C1407005595EA /* PriceVCTableViewCell.swift in Sources */ = {isa = PBXBuildFile; fileRef = 355C95A81B8C1407005595EA /* PriceVCTableViewCell.swift */; };
		355C95AB1B8C20CB005595EA /* PriceDetailVCTableViewCell.swift in Sources */ = {isa = PBXBuildFile; fileRef = 355C95AA1B8C20CB005595EA /* PriceDetailVCTableViewCell.swift */; };
		355C95AD1B8C5145005595EA /* InboxViewController.swift in Sources */ = {isa = PBXBuildFile; fileRef = 355C95AC1B8C5145005595EA /* InboxViewController.swift */; };
		3568038B1BA0304600BB50AE /* MKAnnotationView+WebCache.m in Sources */ = {isa = PBXBuildFile; fileRef = 3568036B1BA0304600BB50AE /* MKAnnotationView+WebCache.m */; };
		3568038C1BA0304600BB50AE /* NSData+ImageContentType.m in Sources */ = {isa = PBXBuildFile; fileRef = 3568036D1BA0304600BB50AE /* NSData+ImageContentType.m */; };
		3568038D1BA0304600BB50AE /* SDImageCache.m in Sources */ = {isa = PBXBuildFile; fileRef = 3568036F1BA0304600BB50AE /* SDImageCache.m */; };
		3568038E1BA0304600BB50AE /* SDWebImageCompat.m in Sources */ = {isa = PBXBuildFile; fileRef = 356803711BA0304600BB50AE /* SDWebImageCompat.m */; };
		3568038F1BA0304600BB50AE /* SDWebImageDecoder.m in Sources */ = {isa = PBXBuildFile; fileRef = 356803731BA0304600BB50AE /* SDWebImageDecoder.m */; };
		356803901BA0304600BB50AE /* SDWebImageDownloader.m in Sources */ = {isa = PBXBuildFile; fileRef = 356803751BA0304600BB50AE /* SDWebImageDownloader.m */; };
		356803911BA0304600BB50AE /* SDWebImageDownloaderOperation.m in Sources */ = {isa = PBXBuildFile; fileRef = 356803771BA0304600BB50AE /* SDWebImageDownloaderOperation.m */; };
		356803921BA0304600BB50AE /* SDWebImageManager.m in Sources */ = {isa = PBXBuildFile; fileRef = 356803791BA0304600BB50AE /* SDWebImageManager.m */; };
		356803931BA0304600BB50AE /* SDWebImagePrefetcher.m in Sources */ = {isa = PBXBuildFile; fileRef = 3568037C1BA0304600BB50AE /* SDWebImagePrefetcher.m */; };
		356803941BA0304600BB50AE /* UIButton+WebCache.m in Sources */ = {isa = PBXBuildFile; fileRef = 3568037E1BA0304600BB50AE /* UIButton+WebCache.m */; };
		356803951BA0304600BB50AE /* UIImage+GIF.m in Sources */ = {isa = PBXBuildFile; fileRef = 356803801BA0304600BB50AE /* UIImage+GIF.m */; };
		356803961BA0304600BB50AE /* UIImage+MultiFormat.m in Sources */ = {isa = PBXBuildFile; fileRef = 356803821BA0304600BB50AE /* UIImage+MultiFormat.m */; };
		356803971BA0304600BB50AE /* UIImage+WebP.m in Sources */ = {isa = PBXBuildFile; fileRef = 356803841BA0304600BB50AE /* UIImage+WebP.m */; };
		356803981BA0304600BB50AE /* UIImageView+HighlightedWebCache.m in Sources */ = {isa = PBXBuildFile; fileRef = 356803861BA0304600BB50AE /* UIImageView+HighlightedWebCache.m */; };
		356803991BA0304600BB50AE /* UIImageView+WebCache.m in Sources */ = {isa = PBXBuildFile; fileRef = 356803881BA0304600BB50AE /* UIImageView+WebCache.m */; };
		3568039A1BA0304600BB50AE /* UIView+WebCacheOperation.m in Sources */ = {isa = PBXBuildFile; fileRef = 3568038A1BA0304600BB50AE /* UIView+WebCacheOperation.m */; };
		3587005C1B9D776800B09351 /* ChannelItemAddViewController.swift in Sources */ = {isa = PBXBuildFile; fileRef = 3587005B1B9D776800B09351 /* ChannelItemAddViewController.swift */; };
		358700701B9D8C3C00B09351 /* DLRadioButton.m in Sources */ = {isa = PBXBuildFile; fileRef = 3587006F1B9D8C3C00B09351 /* DLRadioButton.m */; };
		358700781B9E78BC00B09351 /* ProvincesAndCities.plist in Resources */ = {isa = PBXBuildFile; fileRef = 358700721B9E78BC00B09351 /* ProvincesAndCities.plist */; };
		3587007F1B9EA4A000B09351 /* KASlideShow.m in Sources */ = {isa = PBXBuildFile; fileRef = 3587007E1B9EA4A000B09351 /* KASlideShow.m */; };
		358700811B9EBCD100B09351 /* ChannelVCTableViewCell.swift in Sources */ = {isa = PBXBuildFile; fileRef = 358700801B9EBCD100B09351 /* ChannelVCTableViewCell.swift */; };
		358700831B9FE86200B09351 /* ChannelItemDetailViewController.swift in Sources */ = {isa = PBXBuildFile; fileRef = 358700821B9FE86200B09351 /* ChannelItemDetailViewController.swift */; };
		35AC87581B8AB15900B44C7E /* MJRefreshBaseView.m in Sources */ = {isa = PBXBuildFile; fileRef = 35AC874B1B8AB15900B44C7E /* MJRefreshBaseView.m */; };
		35AC87591B8AB15900B44C7E /* MJRefreshConst.m in Sources */ = {isa = PBXBuildFile; fileRef = 35AC874D1B8AB15900B44C7E /* MJRefreshConst.m */; };
		35AC875A1B8AB15900B44C7E /* MJRefreshFooterView.m in Sources */ = {isa = PBXBuildFile; fileRef = 35AC874F1B8AB15900B44C7E /* MJRefreshFooterView.m */; };
		35AC875B1B8AB15900B44C7E /* MJRefreshHeaderView.m in Sources */ = {isa = PBXBuildFile; fileRef = 35AC87511B8AB15900B44C7E /* MJRefreshHeaderView.m */; };
		35AC875C1B8AB15900B44C7E /* UIScrollView+MJExtension.m in Sources */ = {isa = PBXBuildFile; fileRef = 35AC87531B8AB15900B44C7E /* UIScrollView+MJExtension.m */; };
		35AC875D1B8AB15900B44C7E /* UIScrollView+MJRefresh.m in Sources */ = {isa = PBXBuildFile; fileRef = 35AC87551B8AB15900B44C7E /* UIScrollView+MJRefresh.m */; };
		35AC875E1B8AB15900B44C7E /* UIView+MJExtension.m in Sources */ = {isa = PBXBuildFile; fileRef = 35AC87571B8AB15900B44C7E /* UIView+MJExtension.m */; };
		35B1F2391BCB631200AA9F38 /* ChannelItemImageViewController.swift in Sources */ = {isa = PBXBuildFile; fileRef = 35B1F2381BCB631200AA9F38 /* ChannelItemImageViewController.swift */; };
		35B1F23D1BCCB96300AA9F38 /* UITextView+Placeholder.m in Sources */ = {isa = PBXBuildFile; fileRef = 35B1F23B1BCCB96300AA9F38 /* UITextView+Placeholder.m */; };
		35B2783E1B8D94AB00FA2399 /* Main.storyboard in Resources */ = {isa = PBXBuildFile; fileRef = 35B2783C1B8D94AB00FA2399 /* Main.storyboard */; };
		35B278441B8D952100FA2399 /* CommentDetailViewController.swift in Sources */ = {isa = PBXBuildFile; fileRef = 35B278401B8D952100FA2399 /* CommentDetailViewController.swift */; };
		35B278461B8D952100FA2399 /* CommentViewController.swift in Sources */ = {isa = PBXBuildFile; fileRef = 35B278421B8D952100FA2399 /* CommentViewController.swift */; };
		35B278471B8D952100FA2399 /* CommentVCTableViewCell.swift in Sources */ = {isa = PBXBuildFile; fileRef = 35B278431B8D952100FA2399 /* CommentVCTableViewCell.swift */; };
		35B278621B8DA48A00FA2399 /* CommentDetailVCTableViewCell.swift in Sources */ = {isa = PBXBuildFile; fileRef = 35B278611B8DA48A00FA2399 /* CommentDetailVCTableViewCell.swift */; };
		35B278641B8EA2FD00FA2399 /* CommentContentViewController.swift in Sources */ = {isa = PBXBuildFile; fileRef = 35B278631B8EA2FD00FA2399 /* CommentContentViewController.swift */; };
		35B278991B8FFEFD00FA2399 /* PriceHistoryViewController.swift in Sources */ = {isa = PBXBuildFile; fileRef = 35B278981B8FFEFD00FA2399 /* PriceHistoryViewController.swift */; };
		35B2789B1B9022EA00FA2399 /* PriceHistoryTableViewCell.swift in Sources */ = {isa = PBXBuildFile; fileRef = 35B2789A1B9022EA00FA2399 /* PriceHistoryTableViewCell.swift */; };
		35B278B61B9045F600FA2399 /* PriceChartViewController.swift in Sources */ = {isa = PBXBuildFile; fileRef = 35B278B51B9045F600FA2399 /* PriceChartViewController.swift */; };
		35BB22591BD4E8BB00A01E36 /* UserSettingTableViewController.swift in Sources */ = {isa = PBXBuildFile; fileRef = 35BB22581BD4E8BB00A01E36 /* UserSettingTableViewController.swift */; };
		35BB225B1BD5D53A00A01E36 /* MyFocusViewController.swift in Sources */ = {isa = PBXBuildFile; fileRef = 35BB225A1BD5D53A00A01E36 /* MyFocusViewController.swift */; };
		35C712181B8595B3004B267A /* AppDelegate.swift in Sources */ = {isa = PBXBuildFile; fileRef = 35C712171B8595B3004B267A /* AppDelegate.swift */; };
		35C7121F1B8595B3004B267A /* Images.xcassets in Resources */ = {isa = PBXBuildFile; fileRef = 35C7121E1B8595B3004B267A /* Images.xcassets */; };
		35C712411B85C0BE004B267A /* LogInViewController.swift in Sources */ = {isa = PBXBuildFile; fileRef = 35C712401B85C0BE004B267A /* LogInViewController.swift */; };
		35C712651B86AEE9004B267A /* SKAlertView.m in Sources */ = {isa = PBXBuildFile; fileRef = 35C712621B86AEE9004B267A /* SKAlertView.m */; };
		35C712661B86AEE9004B267A /* SKTipAlertView.m in Sources */ = {isa = PBXBuildFile; fileRef = 35C712641B86AEE9004B267A /* SKTipAlertView.m */; };
		35C7127D1B86B008004B267A /* EndPoints.swift in Sources */ = {isa = PBXBuildFile; fileRef = 35C7127C1B86B008004B267A /* EndPoints.swift */; };
		35C712801B86B09E004B267A /* SwiftyJSON.swift in Sources */ = {isa = PBXBuildFile; fileRef = 35C7127F1B86B09E004B267A /* SwiftyJSON.swift */; };
		35C712821B86B126004B267A /* HomeTabBarViewController.swift in Sources */ = {isa = PBXBuildFile; fileRef = 35C712811B86B126004B267A /* HomeTabBarViewController.swift */; };
		35C712861B86B2BE004B267A /* MBProgressHUD.m in Sources */ = {isa = PBXBuildFile; fileRef = 35C712851B86B2BE004B267A /* MBProgressHUD.m */; };
		35C712911B86CC5D004B267A /* HTHorizontalSelectionList.m in Sources */ = {isa = PBXBuildFile; fileRef = 35C7128B1B86CC5D004B267A /* HTHorizontalSelectionList.m */; };
		35C712921B86CC5D004B267A /* HTHorizontalSelectionListCustomViewCell.m in Sources */ = {isa = PBXBuildFile; fileRef = 35C7128E1B86CC5D004B267A /* HTHorizontalSelectionListCustomViewCell.m */; };
		35C712931B86CC5D004B267A /* HTHorizontalSelectionListLabelCell.m in Sources */ = {isa = PBXBuildFile; fileRef = 35C712901B86CC5D004B267A /* HTHorizontalSelectionListLabelCell.m */; };
		35CF724E1C116A85006E95AF /* DataStructures.swift in Sources */ = {isa = PBXBuildFile; fileRef = 35CF724A1C116A85006E95AF /* DataStructures.swift */; };
		35CF724F1C116A85006E95AF /* DateInRegion.swift in Sources */ = {isa = PBXBuildFile; fileRef = 35CF724B1C116A85006E95AF /* DateInRegion.swift */; };
		35CF72501C116A85006E95AF /* NSDate+Extension.swift in Sources */ = {isa = PBXBuildFile; fileRef = 35CF724C1C116A85006E95AF /* NSDate+Extension.swift */; };
		35DC5E631BA94F700000FA22 /* TSLocateView.m in Sources */ = {isa = PBXBuildFile; fileRef = 35DC5E5F1BA94F700000FA22 /* TSLocateView.m */; };
		35DC5E641BA94F700000FA22 /* TSLocateView.xib in Resources */ = {isa = PBXBuildFile; fileRef = 35DC5E601BA94F700000FA22 /* TSLocateView.xib */; };
		35DC5E651BA94F700000FA22 /* TSLocation.m in Sources */ = {isa = PBXBuildFile; fileRef = 35DC5E621BA94F700000FA22 /* TSLocation.m */; };
		35E3E8521BA6B3BC0009E8DD /* FuturesViewController.swift in Sources */ = {isa = PBXBuildFile; fileRef = 35E3E8511BA6B3BC0009E8DD /* FuturesViewController.swift */; };
		35E3E8541BA6C3750009E8DD /* Parameter.swift in Sources */ = {isa = PBXBuildFile; fileRef = 35E3E8531BA6C3750009E8DD /* Parameter.swift */; };
		35EF0F141BB394D300F99399 /* NSMutableArray+SWUtilityButtons.m in Sources */ = {isa = PBXBuildFile; fileRef = 35EF0F091BB394D300F99399 /* NSMutableArray+SWUtilityButtons.m */; };
		35EF0F151BB394D300F99399 /* SWCellScrollView.m in Sources */ = {isa = PBXBuildFile; fileRef = 35EF0F0B1BB394D300F99399 /* SWCellScrollView.m */; };
		35EF0F161BB394D300F99399 /* SWLongPressGestureRecognizer.m in Sources */ = {isa = PBXBuildFile; fileRef = 35EF0F0D1BB394D300F99399 /* SWLongPressGestureRecognizer.m */; };
		35EF0F171BB394D300F99399 /* SWTableViewCell.m in Sources */ = {isa = PBXBuildFile; fileRef = 35EF0F0F1BB394D300F99399 /* SWTableViewCell.m */; };
		35EF0F181BB394D300F99399 /* SWUtilityButtonTapGestureRecognizer.m in Sources */ = {isa = PBXBuildFile; fileRef = 35EF0F111BB394D300F99399 /* SWUtilityButtonTapGestureRecognizer.m */; };
		35EF0F191BB394D300F99399 /* SWUtilityButtonView.m in Sources */ = {isa = PBXBuildFile; fileRef = 35EF0F131BB394D300F99399 /* SWUtilityButtonView.m */; };
		35F6657D1BB3F18700A3AEDE /* ApplyTrialViewController.swift in Sources */ = {isa = PBXBuildFile; fileRef = 35F6657C1BB3F18700A3AEDE /* ApplyTrialViewController.swift */; };
/* End PBXBuildFile section */

/* Begin PBXFileReference section */
		3502271A1BE7556E00DE2B6B /* InboxTableViewCell.swift */ = {isa = PBXFileReference; fileEncoding = 4; lastKnownFileType = sourcecode.swift; path = InboxTableViewCell.swift; sourceTree = "<group>"; };
		350901901BB4F7600010FFFE /* ForgetPasswordViewController.swift */ = {isa = PBXFileReference; fileEncoding = 4; lastKnownFileType = sourcecode.swift; path = ForgetPasswordViewController.swift; sourceTree = "<group>"; };
		3515CB1E1B94367200EC54D7 /* Chart.swift */ = {isa = PBXFileReference; fileEncoding = 4; lastKnownFileType = sourcecode.swift; path = Chart.swift; sourceTree = "<group>"; };
		3515CB1F1B94367200EC54D7 /* ChartColors.swift */ = {isa = PBXFileReference; fileEncoding = 4; lastKnownFileType = sourcecode.swift; path = ChartColors.swift; sourceTree = "<group>"; };
		3515CB201B94367200EC54D7 /* ChartSeries.swift */ = {isa = PBXFileReference; fileEncoding = 4; lastKnownFileType = sourcecode.swift; path = ChartSeries.swift; sourceTree = "<group>"; };
		3515CB241B9BE45000EC54D7 /* EcosystemViewController.swift */ = {isa = PBXFileReference; fileEncoding = 4; lastKnownFileType = sourcecode.swift; path = EcosystemViewController.swift; sourceTree = "<group>"; };
		3515CB451B9D552600EC54D7 /* ChannelViewController.swift */ = {isa = PBXFileReference; fileEncoding = 4; lastKnownFileType = sourcecode.swift; path = ChannelViewController.swift; sourceTree = "<group>"; };
		3515CB471B9D62AA00EC54D7 /* ChannelCatalogViewController.swift */ = {isa = PBXFileReference; fileEncoding = 4; lastKnownFileType = sourcecode.swift; path = ChannelCatalogViewController.swift; sourceTree = "<group>"; };
		3515CB491B9D693C00EC54D7 /* ChannelCatalogTableViewCell.swift */ = {isa = PBXFileReference; fileEncoding = 4; lastKnownFileType = sourcecode.swift; path = ChannelCatalogTableViewCell.swift; sourceTree = "<group>"; };
		3517CBD81BD5EDD500EE40FB /* MyFocusTableViewCell.swift */ = {isa = PBXFileReference; fileEncoding = 4; lastKnownFileType = sourcecode.swift; path = MyFocusTableViewCell.swift; sourceTree = "<group>"; };
		3517CBDA1BD6095300EE40FB /* MyPublishViewController.swift */ = {isa = PBXFileReference; fileEncoding = 4; lastKnownFileType = sourcecode.swift; path = MyPublishViewController.swift; sourceTree = "<group>"; };
		3517CBDC1BD62AC000EE40FB /* MyPublishTableViewCell.swift */ = {isa = PBXFileReference; fileEncoding = 4; lastKnownFileType = sourcecode.swift; path = MyPublishTableViewCell.swift; sourceTree = "<group>"; };
		355483DF1BDA3AFF00AEFBEF /* Alamofire.h */ = {isa = PBXFileReference; fileEncoding = 4; lastKnownFileType = sourcecode.c.h; path = Alamofire.h; sourceTree = "<group>"; };
		355483E01BDA3AFF00AEFBEF /* Alamofire.swift */ = {isa = PBXFileReference; fileEncoding = 4; lastKnownFileType = sourcecode.swift; path = Alamofire.swift; sourceTree = "<group>"; };
		355483E11BDA3AFF00AEFBEF /* Download.swift */ = {isa = PBXFileReference; fileEncoding = 4; lastKnownFileType = sourcecode.swift; path = Download.swift; sourceTree = "<group>"; };
		355483E21BDA3AFF00AEFBEF /* Error.swift */ = {isa = PBXFileReference; fileEncoding = 4; lastKnownFileType = sourcecode.swift; path = Error.swift; sourceTree = "<group>"; };
		355483E31BDA3AFF00AEFBEF /* Manager.swift */ = {isa = PBXFileReference; fileEncoding = 4; lastKnownFileType = sourcecode.swift; path = Manager.swift; sourceTree = "<group>"; };
		355483E41BDA3AFF00AEFBEF /* MultipartFormData.swift */ = {isa = PBXFileReference; fileEncoding = 4; lastKnownFileType = sourcecode.swift; path = MultipartFormData.swift; sourceTree = "<group>"; };
		355483E51BDA3AFF00AEFBEF /* ParameterEncoding.swift */ = {isa = PBXFileReference; fileEncoding = 4; lastKnownFileType = sourcecode.swift; path = ParameterEncoding.swift; sourceTree = "<group>"; };
		355483E61BDA3AFF00AEFBEF /* Request.swift */ = {isa = PBXFileReference; fileEncoding = 4; lastKnownFileType = sourcecode.swift; path = Request.swift; sourceTree = "<group>"; };
		355483E71BDA3AFF00AEFBEF /* Response.swift */ = {isa = PBXFileReference; fileEncoding = 4; lastKnownFileType = sourcecode.swift; path = Response.swift; sourceTree = "<group>"; };
		355483E81BDA3AFF00AEFBEF /* ResponseSerialization.swift */ = {isa = PBXFileReference; fileEncoding = 4; lastKnownFileType = sourcecode.swift; path = ResponseSerialization.swift; sourceTree = "<group>"; };
		355483E91BDA3AFF00AEFBEF /* Result.swift */ = {isa = PBXFileReference; fileEncoding = 4; lastKnownFileType = sourcecode.swift; path = Result.swift; sourceTree = "<group>"; };
		355483EA1BDA3AFF00AEFBEF /* ServerTrustPolicy.swift */ = {isa = PBXFileReference; fileEncoding = 4; lastKnownFileType = sourcecode.swift; path = ServerTrustPolicy.swift; sourceTree = "<group>"; };
		355483EB1BDA3AFF00AEFBEF /* Stream.swift */ = {isa = PBXFileReference; fileEncoding = 4; lastKnownFileType = sourcecode.swift; path = Stream.swift; sourceTree = "<group>"; };
		355483EC1BDA3AFF00AEFBEF /* Upload.swift */ = {isa = PBXFileReference; fileEncoding = 4; lastKnownFileType = sourcecode.swift; path = Upload.swift; sourceTree = "<group>"; };
		355483ED1BDA3AFF00AEFBEF /* Validation.swift */ = {isa = PBXFileReference; fileEncoding = 4; lastKnownFileType = sourcecode.swift; path = Validation.swift; sourceTree = "<group>"; };
		355C95A41B8AF089005595EA /* PriceViewController.swift */ = {isa = PBXFileReference; fileEncoding = 4; lastKnownFileType = sourcecode.swift; path = PriceViewController.swift; sourceTree = "<group>"; };
		355C95A61B8C0665005595EA /* PriceDetailViewController.swift */ = {isa = PBXFileReference; fileEncoding = 4; lastKnownFileType = sourcecode.swift; path = PriceDetailViewController.swift; sourceTree = "<group>"; };
		355C95A81B8C1407005595EA /* PriceVCTableViewCell.swift */ = {isa = PBXFileReference; fileEncoding = 4; lastKnownFileType = sourcecode.swift; path = PriceVCTableViewCell.swift; sourceTree = "<group>"; };
		355C95AA1B8C20CB005595EA /* PriceDetailVCTableViewCell.swift */ = {isa = PBXFileReference; fileEncoding = 4; lastKnownFileType = sourcecode.swift; path = PriceDetailVCTableViewCell.swift; sourceTree = "<group>"; };
		355C95AC1B8C5145005595EA /* InboxViewController.swift */ = {isa = PBXFileReference; fileEncoding = 4; lastKnownFileType = sourcecode.swift; path = InboxViewController.swift; sourceTree = "<group>"; };
		3568036A1BA0304600BB50AE /* MKAnnotationView+WebCache.h */ = {isa = PBXFileReference; fileEncoding = 4; lastKnownFileType = sourcecode.c.h; path = "MKAnnotationView+WebCache.h"; sourceTree = "<group>"; };
		3568036B1BA0304600BB50AE /* MKAnnotationView+WebCache.m */ = {isa = PBXFileReference; fileEncoding = 4; lastKnownFileType = sourcecode.c.objc; path = "MKAnnotationView+WebCache.m"; sourceTree = "<group>"; };
		3568036C1BA0304600BB50AE /* NSData+ImageContentType.h */ = {isa = PBXFileReference; fileEncoding = 4; lastKnownFileType = sourcecode.c.h; path = "NSData+ImageContentType.h"; sourceTree = "<group>"; };
		3568036D1BA0304600BB50AE /* NSData+ImageContentType.m */ = {isa = PBXFileReference; fileEncoding = 4; lastKnownFileType = sourcecode.c.objc; path = "NSData+ImageContentType.m"; sourceTree = "<group>"; };
		3568036E1BA0304600BB50AE /* SDImageCache.h */ = {isa = PBXFileReference; fileEncoding = 4; lastKnownFileType = sourcecode.c.h; path = SDImageCache.h; sourceTree = "<group>"; };
		3568036F1BA0304600BB50AE /* SDImageCache.m */ = {isa = PBXFileReference; fileEncoding = 4; lastKnownFileType = sourcecode.c.objc; path = SDImageCache.m; sourceTree = "<group>"; };
		356803701BA0304600BB50AE /* SDWebImageCompat.h */ = {isa = PBXFileReference; fileEncoding = 4; lastKnownFileType = sourcecode.c.h; path = SDWebImageCompat.h; sourceTree = "<group>"; };
		356803711BA0304600BB50AE /* SDWebImageCompat.m */ = {isa = PBXFileReference; fileEncoding = 4; lastKnownFileType = sourcecode.c.objc; path = SDWebImageCompat.m; sourceTree = "<group>"; };
		356803721BA0304600BB50AE /* SDWebImageDecoder.h */ = {isa = PBXFileReference; fileEncoding = 4; lastKnownFileType = sourcecode.c.h; path = SDWebImageDecoder.h; sourceTree = "<group>"; };
		356803731BA0304600BB50AE /* SDWebImageDecoder.m */ = {isa = PBXFileReference; fileEncoding = 4; lastKnownFileType = sourcecode.c.objc; path = SDWebImageDecoder.m; sourceTree = "<group>"; };
		356803741BA0304600BB50AE /* SDWebImageDownloader.h */ = {isa = PBXFileReference; fileEncoding = 4; lastKnownFileType = sourcecode.c.h; path = SDWebImageDownloader.h; sourceTree = "<group>"; };
		356803751BA0304600BB50AE /* SDWebImageDownloader.m */ = {isa = PBXFileReference; fileEncoding = 4; lastKnownFileType = sourcecode.c.objc; path = SDWebImageDownloader.m; sourceTree = "<group>"; };
		356803761BA0304600BB50AE /* SDWebImageDownloaderOperation.h */ = {isa = PBXFileReference; fileEncoding = 4; lastKnownFileType = sourcecode.c.h; path = SDWebImageDownloaderOperation.h; sourceTree = "<group>"; };
		356803771BA0304600BB50AE /* SDWebImageDownloaderOperation.m */ = {isa = PBXFileReference; fileEncoding = 4; lastKnownFileType = sourcecode.c.objc; path = SDWebImageDownloaderOperation.m; sourceTree = "<group>"; };
		356803781BA0304600BB50AE /* SDWebImageManager.h */ = {isa = PBXFileReference; fileEncoding = 4; lastKnownFileType = sourcecode.c.h; path = SDWebImageManager.h; sourceTree = "<group>"; };
		356803791BA0304600BB50AE /* SDWebImageManager.m */ = {isa = PBXFileReference; fileEncoding = 4; lastKnownFileType = sourcecode.c.objc; path = SDWebImageManager.m; sourceTree = "<group>"; };
		3568037A1BA0304600BB50AE /* SDWebImageOperation.h */ = {isa = PBXFileReference; fileEncoding = 4; lastKnownFileType = sourcecode.c.h; path = SDWebImageOperation.h; sourceTree = "<group>"; };
		3568037B1BA0304600BB50AE /* SDWebImagePrefetcher.h */ = {isa = PBXFileReference; fileEncoding = 4; lastKnownFileType = sourcecode.c.h; path = SDWebImagePrefetcher.h; sourceTree = "<group>"; };
		3568037C1BA0304600BB50AE /* SDWebImagePrefetcher.m */ = {isa = PBXFileReference; fileEncoding = 4; lastKnownFileType = sourcecode.c.objc; path = SDWebImagePrefetcher.m; sourceTree = "<group>"; };
		3568037D1BA0304600BB50AE /* UIButton+WebCache.h */ = {isa = PBXFileReference; fileEncoding = 4; lastKnownFileType = sourcecode.c.h; path = "UIButton+WebCache.h"; sourceTree = "<group>"; };
		3568037E1BA0304600BB50AE /* UIButton+WebCache.m */ = {isa = PBXFileReference; fileEncoding = 4; lastKnownFileType = sourcecode.c.objc; path = "UIButton+WebCache.m"; sourceTree = "<group>"; };
		3568037F1BA0304600BB50AE /* UIImage+GIF.h */ = {isa = PBXFileReference; fileEncoding = 4; lastKnownFileType = sourcecode.c.h; path = "UIImage+GIF.h"; sourceTree = "<group>"; };
		356803801BA0304600BB50AE /* UIImage+GIF.m */ = {isa = PBXFileReference; fileEncoding = 4; lastKnownFileType = sourcecode.c.objc; path = "UIImage+GIF.m"; sourceTree = "<group>"; };
		356803811BA0304600BB50AE /* UIImage+MultiFormat.h */ = {isa = PBXFileReference; fileEncoding = 4; lastKnownFileType = sourcecode.c.h; path = "UIImage+MultiFormat.h"; sourceTree = "<group>"; };
		356803821BA0304600BB50AE /* UIImage+MultiFormat.m */ = {isa = PBXFileReference; fileEncoding = 4; lastKnownFileType = sourcecode.c.objc; path = "UIImage+MultiFormat.m"; sourceTree = "<group>"; };
		356803831BA0304600BB50AE /* UIImage+WebP.h */ = {isa = PBXFileReference; fileEncoding = 4; lastKnownFileType = sourcecode.c.h; path = "UIImage+WebP.h"; sourceTree = "<group>"; };
		356803841BA0304600BB50AE /* UIImage+WebP.m */ = {isa = PBXFileReference; fileEncoding = 4; lastKnownFileType = sourcecode.c.objc; path = "UIImage+WebP.m"; sourceTree = "<group>"; };
		356803851BA0304600BB50AE /* UIImageView+HighlightedWebCache.h */ = {isa = PBXFileReference; fileEncoding = 4; lastKnownFileType = sourcecode.c.h; path = "UIImageView+HighlightedWebCache.h"; sourceTree = "<group>"; };
		356803861BA0304600BB50AE /* UIImageView+HighlightedWebCache.m */ = {isa = PBXFileReference; fileEncoding = 4; lastKnownFileType = sourcecode.c.objc; path = "UIImageView+HighlightedWebCache.m"; sourceTree = "<group>"; };
		356803871BA0304600BB50AE /* UIImageView+WebCache.h */ = {isa = PBXFileReference; fileEncoding = 4; lastKnownFileType = sourcecode.c.h; path = "UIImageView+WebCache.h"; sourceTree = "<group>"; };
		356803881BA0304600BB50AE /* UIImageView+WebCache.m */ = {isa = PBXFileReference; fileEncoding = 4; lastKnownFileType = sourcecode.c.objc; path = "UIImageView+WebCache.m"; sourceTree = "<group>"; };
		356803891BA0304600BB50AE /* UIView+WebCacheOperation.h */ = {isa = PBXFileReference; fileEncoding = 4; lastKnownFileType = sourcecode.c.h; path = "UIView+WebCacheOperation.h"; sourceTree = "<group>"; };
		3568038A1BA0304600BB50AE /* UIView+WebCacheOperation.m */ = {isa = PBXFileReference; fileEncoding = 4; lastKnownFileType = sourcecode.c.objc; path = "UIView+WebCacheOperation.m"; sourceTree = "<group>"; };
		3587005B1B9D776800B09351 /* ChannelItemAddViewController.swift */ = {isa = PBXFileReference; fileEncoding = 4; lastKnownFileType = sourcecode.swift; path = ChannelItemAddViewController.swift; sourceTree = "<group>"; };
		3587006E1B9D8C3C00B09351 /* DLRadioButton.h */ = {isa = PBXFileReference; fileEncoding = 4; lastKnownFileType = sourcecode.c.h; path = DLRadioButton.h; sourceTree = "<group>"; };
		3587006F1B9D8C3C00B09351 /* DLRadioButton.m */ = {isa = PBXFileReference; fileEncoding = 4; lastKnownFileType = sourcecode.c.objc; path = DLRadioButton.m; sourceTree = "<group>"; };
		358700721B9E78BC00B09351 /* ProvincesAndCities.plist */ = {isa = PBXFileReference; fileEncoding = 4; lastKnownFileType = text.plist.xml; path = ProvincesAndCities.plist; sourceTree = "<group>"; };
		3587007D1B9EA4A000B09351 /* KASlideShow.h */ = {isa = PBXFileReference; fileEncoding = 4; lastKnownFileType = sourcecode.c.h; path = KASlideShow.h; sourceTree = "<group>"; };
		3587007E1B9EA4A000B09351 /* KASlideShow.m */ = {isa = PBXFileReference; fileEncoding = 4; lastKnownFileType = sourcecode.c.objc; path = KASlideShow.m; sourceTree = "<group>"; };
		358700801B9EBCD100B09351 /* ChannelVCTableViewCell.swift */ = {isa = PBXFileReference; fileEncoding = 4; lastKnownFileType = sourcecode.swift; path = ChannelVCTableViewCell.swift; sourceTree = "<group>"; };
		358700821B9FE86200B09351 /* ChannelItemDetailViewController.swift */ = {isa = PBXFileReference; fileEncoding = 4; lastKnownFileType = sourcecode.swift; path = ChannelItemDetailViewController.swift; sourceTree = "<group>"; };
		35AC87491B8AB15900B44C7E /* MJRefresh.h */ = {isa = PBXFileReference; fileEncoding = 4; lastKnownFileType = sourcecode.c.h; path = MJRefresh.h; sourceTree = "<group>"; };
		35AC874A1B8AB15900B44C7E /* MJRefreshBaseView.h */ = {isa = PBXFileReference; fileEncoding = 4; lastKnownFileType = sourcecode.c.h; path = MJRefreshBaseView.h; sourceTree = "<group>"; };
		35AC874B1B8AB15900B44C7E /* MJRefreshBaseView.m */ = {isa = PBXFileReference; fileEncoding = 4; lastKnownFileType = sourcecode.c.objc; path = MJRefreshBaseView.m; sourceTree = "<group>"; };
		35AC874C1B8AB15900B44C7E /* MJRefreshConst.h */ = {isa = PBXFileReference; fileEncoding = 4; lastKnownFileType = sourcecode.c.h; path = MJRefreshConst.h; sourceTree = "<group>"; };
		35AC874D1B8AB15900B44C7E /* MJRefreshConst.m */ = {isa = PBXFileReference; fileEncoding = 4; lastKnownFileType = sourcecode.c.objc; path = MJRefreshConst.m; sourceTree = "<group>"; };
		35AC874E1B8AB15900B44C7E /* MJRefreshFooterView.h */ = {isa = PBXFileReference; fileEncoding = 4; lastKnownFileType = sourcecode.c.h; path = MJRefreshFooterView.h; sourceTree = "<group>"; };
		35AC874F1B8AB15900B44C7E /* MJRefreshFooterView.m */ = {isa = PBXFileReference; fileEncoding = 4; lastKnownFileType = sourcecode.c.objc; path = MJRefreshFooterView.m; sourceTree = "<group>"; };
		35AC87501B8AB15900B44C7E /* MJRefreshHeaderView.h */ = {isa = PBXFileReference; fileEncoding = 4; lastKnownFileType = sourcecode.c.h; path = MJRefreshHeaderView.h; sourceTree = "<group>"; };
		35AC87511B8AB15900B44C7E /* MJRefreshHeaderView.m */ = {isa = PBXFileReference; fileEncoding = 4; lastKnownFileType = sourcecode.c.objc; path = MJRefreshHeaderView.m; sourceTree = "<group>"; };
		35AC87521B8AB15900B44C7E /* UIScrollView+MJExtension.h */ = {isa = PBXFileReference; fileEncoding = 4; lastKnownFileType = sourcecode.c.h; path = "UIScrollView+MJExtension.h"; sourceTree = "<group>"; };
		35AC87531B8AB15900B44C7E /* UIScrollView+MJExtension.m */ = {isa = PBXFileReference; fileEncoding = 4; lastKnownFileType = sourcecode.c.objc; path = "UIScrollView+MJExtension.m"; sourceTree = "<group>"; };
		35AC87541B8AB15900B44C7E /* UIScrollView+MJRefresh.h */ = {isa = PBXFileReference; fileEncoding = 4; lastKnownFileType = sourcecode.c.h; path = "UIScrollView+MJRefresh.h"; sourceTree = "<group>"; };
		35AC87551B8AB15900B44C7E /* UIScrollView+MJRefresh.m */ = {isa = PBXFileReference; fileEncoding = 4; lastKnownFileType = sourcecode.c.objc; path = "UIScrollView+MJRefresh.m"; sourceTree = "<group>"; };
		35AC87561B8AB15900B44C7E /* UIView+MJExtension.h */ = {isa = PBXFileReference; fileEncoding = 4; lastKnownFileType = sourcecode.c.h; path = "UIView+MJExtension.h"; sourceTree = "<group>"; };
		35AC87571B8AB15900B44C7E /* UIView+MJExtension.m */ = {isa = PBXFileReference; fileEncoding = 4; lastKnownFileType = sourcecode.c.objc; path = "UIView+MJExtension.m"; sourceTree = "<group>"; };
		35B1F2381BCB631200AA9F38 /* ChannelItemImageViewController.swift */ = {isa = PBXFileReference; fileEncoding = 4; lastKnownFileType = sourcecode.swift; path = ChannelItemImageViewController.swift; sourceTree = "<group>"; };
		35B1F23B1BCCB96300AA9F38 /* UITextView+Placeholder.m */ = {isa = PBXFileReference; fileEncoding = 4; lastKnownFileType = sourcecode.c.objc; path = "UITextView+Placeholder.m"; sourceTree = "<group>"; };
		35B1F23C1BCCB96300AA9F38 /* UITextView+Placeholder.h */ = {isa = PBXFileReference; fileEncoding = 4; lastKnownFileType = sourcecode.c.h; path = "UITextView+Placeholder.h"; sourceTree = "<group>"; };
		35B2783D1B8D94AB00FA2399 /* Base */ = {isa = PBXFileReference; lastKnownFileType = file.storyboard; name = Base; path = Base.lproj/Main.storyboard; sourceTree = "<group>"; };
		35B278401B8D952100FA2399 /* CommentDetailViewController.swift */ = {isa = PBXFileReference; fileEncoding = 4; lastKnownFileType = sourcecode.swift; path = CommentDetailViewController.swift; sourceTree = "<group>"; };
		35B278421B8D952100FA2399 /* CommentViewController.swift */ = {isa = PBXFileReference; fileEncoding = 4; lastKnownFileType = sourcecode.swift; path = CommentViewController.swift; sourceTree = "<group>"; };
		35B278431B8D952100FA2399 /* CommentVCTableViewCell.swift */ = {isa = PBXFileReference; fileEncoding = 4; lastKnownFileType = sourcecode.swift; path = CommentVCTableViewCell.swift; sourceTree = "<group>"; };
		35B278611B8DA48A00FA2399 /* CommentDetailVCTableViewCell.swift */ = {isa = PBXFileReference; fileEncoding = 4; lastKnownFileType = sourcecode.swift; path = CommentDetailVCTableViewCell.swift; sourceTree = "<group>"; };
		35B278631B8EA2FD00FA2399 /* CommentContentViewController.swift */ = {isa = PBXFileReference; fileEncoding = 4; lastKnownFileType = sourcecode.swift; path = CommentContentViewController.swift; sourceTree = "<group>"; };
		35B278981B8FFEFD00FA2399 /* PriceHistoryViewController.swift */ = {isa = PBXFileReference; fileEncoding = 4; lastKnownFileType = sourcecode.swift; path = PriceHistoryViewController.swift; sourceTree = "<group>"; };
		35B2789A1B9022EA00FA2399 /* PriceHistoryTableViewCell.swift */ = {isa = PBXFileReference; fileEncoding = 4; lastKnownFileType = sourcecode.swift; path = PriceHistoryTableViewCell.swift; sourceTree = "<group>"; };
		35B278B51B9045F600FA2399 /* PriceChartViewController.swift */ = {isa = PBXFileReference; fileEncoding = 4; lastKnownFileType = sourcecode.swift; path = PriceChartViewController.swift; sourceTree = "<group>"; };
		35BB22581BD4E8BB00A01E36 /* UserSettingTableViewController.swift */ = {isa = PBXFileReference; fileEncoding = 4; lastKnownFileType = sourcecode.swift; path = UserSettingTableViewController.swift; sourceTree = "<group>"; };
		35BB225A1BD5D53A00A01E36 /* MyFocusViewController.swift */ = {isa = PBXFileReference; fileEncoding = 4; lastKnownFileType = sourcecode.swift; path = MyFocusViewController.swift; sourceTree = "<group>"; };
		35C712121B8595B3004B267A /* 同鑫资讯.app */ = {isa = PBXFileReference; explicitFileType = wrapper.application; includeInIndex = 0; path = "同鑫资讯.app"; sourceTree = BUILT_PRODUCTS_DIR; };
		35C712161B8595B3004B267A /* Info.plist */ = {isa = PBXFileReference; lastKnownFileType = text.plist.xml; path = Info.plist; sourceTree = "<group>"; };
		35C712171B8595B3004B267A /* AppDelegate.swift */ = {isa = PBXFileReference; lastKnownFileType = sourcecode.swift; path = AppDelegate.swift; sourceTree = "<group>"; };
		35C7121E1B8595B3004B267A /* Images.xcassets */ = {isa = PBXFileReference; lastKnownFileType = folder.assetcatalog; path = Images.xcassets; sourceTree = "<group>"; };
		35C712401B85C0BE004B267A /* LogInViewController.swift */ = {isa = PBXFileReference; fileEncoding = 4; lastKnownFileType = sourcecode.swift; path = LogInViewController.swift; sourceTree = "<group>"; };
		35C712601B86AEE8004B267A /* tongxin_news-Bridging-Header.h */ = {isa = PBXFileReference; lastKnownFileType = sourcecode.c.h; path = "tongxin_news-Bridging-Header.h"; sourceTree = "<group>"; };
		35C712611B86AEE9004B267A /* SKAlertView.h */ = {isa = PBXFileReference; fileEncoding = 4; lastKnownFileType = sourcecode.c.h; path = SKAlertView.h; sourceTree = "<group>"; };
		35C712621B86AEE9004B267A /* SKAlertView.m */ = {isa = PBXFileReference; fileEncoding = 4; lastKnownFileType = sourcecode.c.objc; path = SKAlertView.m; sourceTree = "<group>"; };
		35C712631B86AEE9004B267A /* SKTipAlertView.h */ = {isa = PBXFileReference; fileEncoding = 4; lastKnownFileType = sourcecode.c.h; path = SKTipAlertView.h; sourceTree = "<group>"; };
		35C712641B86AEE9004B267A /* SKTipAlertView.m */ = {isa = PBXFileReference; fileEncoding = 4; lastKnownFileType = sourcecode.c.objc; path = SKTipAlertView.m; sourceTree = "<group>"; };
		35C7127C1B86B008004B267A /* EndPoints.swift */ = {isa = PBXFileReference; fileEncoding = 4; lastKnownFileType = sourcecode.swift; path = EndPoints.swift; sourceTree = "<group>"; };
		35C7127F1B86B09E004B267A /* SwiftyJSON.swift */ = {isa = PBXFileReference; fileEncoding = 4; lastKnownFileType = sourcecode.swift; path = SwiftyJSON.swift; sourceTree = "<group>"; };
		35C712811B86B126004B267A /* HomeTabBarViewController.swift */ = {isa = PBXFileReference; fileEncoding = 4; lastKnownFileType = sourcecode.swift; path = HomeTabBarViewController.swift; sourceTree = "<group>"; };
		35C712841B86B2BE004B267A /* MBProgressHUD.h */ = {isa = PBXFileReference; fileEncoding = 4; lastKnownFileType = sourcecode.c.h; path = MBProgressHUD.h; sourceTree = "<group>"; };
		35C712851B86B2BE004B267A /* MBProgressHUD.m */ = {isa = PBXFileReference; fileEncoding = 4; lastKnownFileType = sourcecode.c.objc; path = MBProgressHUD.m; sourceTree = "<group>"; };
		35C7128A1B86CC5D004B267A /* HTHorizontalSelectionList.h */ = {isa = PBXFileReference; fileEncoding = 4; lastKnownFileType = sourcecode.c.h; path = HTHorizontalSelectionList.h; sourceTree = "<group>"; };
		35C7128B1B86CC5D004B267A /* HTHorizontalSelectionList.m */ = {isa = PBXFileReference; fileEncoding = 4; lastKnownFileType = sourcecode.c.objc; path = HTHorizontalSelectionList.m; sourceTree = "<group>"; };
		35C7128C1B86CC5D004B267A /* HTHorizontalSelectionListCell.h */ = {isa = PBXFileReference; fileEncoding = 4; lastKnownFileType = sourcecode.c.h; path = HTHorizontalSelectionListCell.h; sourceTree = "<group>"; };
		35C7128D1B86CC5D004B267A /* HTHorizontalSelectionListCustomViewCell.h */ = {isa = PBXFileReference; fileEncoding = 4; lastKnownFileType = sourcecode.c.h; path = HTHorizontalSelectionListCustomViewCell.h; sourceTree = "<group>"; };
		35C7128E1B86CC5D004B267A /* HTHorizontalSelectionListCustomViewCell.m */ = {isa = PBXFileReference; fileEncoding = 4; lastKnownFileType = sourcecode.c.objc; path = HTHorizontalSelectionListCustomViewCell.m; sourceTree = "<group>"; };
		35C7128F1B86CC5D004B267A /* HTHorizontalSelectionListLabelCell.h */ = {isa = PBXFileReference; fileEncoding = 4; lastKnownFileType = sourcecode.c.h; path = HTHorizontalSelectionListLabelCell.h; sourceTree = "<group>"; };
		35C712901B86CC5D004B267A /* HTHorizontalSelectionListLabelCell.m */ = {isa = PBXFileReference; fileEncoding = 4; lastKnownFileType = sourcecode.c.objc; path = HTHorizontalSelectionListLabelCell.m; sourceTree = "<group>"; };
		35CF724A1C116A85006E95AF /* DataStructures.swift */ = {isa = PBXFileReference; fileEncoding = 4; lastKnownFileType = sourcecode.swift; path = DataStructures.swift; sourceTree = "<group>"; };
		35CF724B1C116A85006E95AF /* DateInRegion.swift */ = {isa = PBXFileReference; fileEncoding = 4; lastKnownFileType = sourcecode.swift; path = DateInRegion.swift; sourceTree = "<group>"; };
		35CF724C1C116A85006E95AF /* NSDate+Extension.swift */ = {isa = PBXFileReference; fileEncoding = 4; lastKnownFileType = sourcecode.swift; path = "NSDate+Extension.swift"; sourceTree = "<group>"; };
		35CF724D1C116A85006E95AF /* SwiftDate.h */ = {isa = PBXFileReference; fileEncoding = 4; lastKnownFileType = sourcecode.c.h; path = SwiftDate.h; sourceTree = "<group>"; };
		35DC5E5E1BA94F700000FA22 /* TSLocateView.h */ = {isa = PBXFileReference; fileEncoding = 4; lastKnownFileType = sourcecode.c.h; path = TSLocateView.h; sourceTree = "<group>"; };
		35DC5E5F1BA94F700000FA22 /* TSLocateView.m */ = {isa = PBXFileReference; fileEncoding = 4; lastKnownFileType = sourcecode.c.objc; path = TSLocateView.m; sourceTree = "<group>"; };
		35DC5E601BA94F700000FA22 /* TSLocateView.xib */ = {isa = PBXFileReference; fileEncoding = 4; lastKnownFileType = file.xib; path = TSLocateView.xib; sourceTree = "<group>"; };
		35DC5E611BA94F700000FA22 /* TSLocation.h */ = {isa = PBXFileReference; fileEncoding = 4; lastKnownFileType = sourcecode.c.h; path = TSLocation.h; sourceTree = "<group>"; };
		35DC5E621BA94F700000FA22 /* TSLocation.m */ = {isa = PBXFileReference; fileEncoding = 4; lastKnownFileType = sourcecode.c.objc; path = TSLocation.m; sourceTree = "<group>"; };
		35E3E8511BA6B3BC0009E8DD /* FuturesViewController.swift */ = {isa = PBXFileReference; fileEncoding = 4; lastKnownFileType = sourcecode.swift; path = FuturesViewController.swift; sourceTree = "<group>"; };
		35E3E8531BA6C3750009E8DD /* Parameter.swift */ = {isa = PBXFileReference; fileEncoding = 4; lastKnownFileType = sourcecode.swift; path = Parameter.swift; sourceTree = "<group>"; };
		35EF0F081BB394D300F99399 /* NSMutableArray+SWUtilityButtons.h */ = {isa = PBXFileReference; fileEncoding = 4; lastKnownFileType = sourcecode.c.h; path = "NSMutableArray+SWUtilityButtons.h"; sourceTree = "<group>"; };
		35EF0F091BB394D300F99399 /* NSMutableArray+SWUtilityButtons.m */ = {isa = PBXFileReference; fileEncoding = 4; lastKnownFileType = sourcecode.c.objc; path = "NSMutableArray+SWUtilityButtons.m"; sourceTree = "<group>"; };
		35EF0F0A1BB394D300F99399 /* SWCellScrollView.h */ = {isa = PBXFileReference; fileEncoding = 4; lastKnownFileType = sourcecode.c.h; path = SWCellScrollView.h; sourceTree = "<group>"; };
		35EF0F0B1BB394D300F99399 /* SWCellScrollView.m */ = {isa = PBXFileReference; fileEncoding = 4; lastKnownFileType = sourcecode.c.objc; path = SWCellScrollView.m; sourceTree = "<group>"; };
		35EF0F0C1BB394D300F99399 /* SWLongPressGestureRecognizer.h */ = {isa = PBXFileReference; fileEncoding = 4; lastKnownFileType = sourcecode.c.h; path = SWLongPressGestureRecognizer.h; sourceTree = "<group>"; };
		35EF0F0D1BB394D300F99399 /* SWLongPressGestureRecognizer.m */ = {isa = PBXFileReference; fileEncoding = 4; lastKnownFileType = sourcecode.c.objc; path = SWLongPressGestureRecognizer.m; sourceTree = "<group>"; };
		35EF0F0E1BB394D300F99399 /* SWTableViewCell.h */ = {isa = PBXFileReference; fileEncoding = 4; lastKnownFileType = sourcecode.c.h; path = SWTableViewCell.h; sourceTree = "<group>"; };
		35EF0F0F1BB394D300F99399 /* SWTableViewCell.m */ = {isa = PBXFileReference; fileEncoding = 4; lastKnownFileType = sourcecode.c.objc; path = SWTableViewCell.m; sourceTree = "<group>"; };
		35EF0F101BB394D300F99399 /* SWUtilityButtonTapGestureRecognizer.h */ = {isa = PBXFileReference; fileEncoding = 4; lastKnownFileType = sourcecode.c.h; path = SWUtilityButtonTapGestureRecognizer.h; sourceTree = "<group>"; };
		35EF0F111BB394D300F99399 /* SWUtilityButtonTapGestureRecognizer.m */ = {isa = PBXFileReference; fileEncoding = 4; lastKnownFileType = sourcecode.c.objc; path = SWUtilityButtonTapGestureRecognizer.m; sourceTree = "<group>"; };
		35EF0F121BB394D300F99399 /* SWUtilityButtonView.h */ = {isa = PBXFileReference; fileEncoding = 4; lastKnownFileType = sourcecode.c.h; path = SWUtilityButtonView.h; sourceTree = "<group>"; };
		35EF0F131BB394D300F99399 /* SWUtilityButtonView.m */ = {isa = PBXFileReference; fileEncoding = 4; lastKnownFileType = sourcecode.c.objc; path = SWUtilityButtonView.m; sourceTree = "<group>"; };
		35F6657C1BB3F18700A3AEDE /* ApplyTrialViewController.swift */ = {isa = PBXFileReference; fileEncoding = 4; lastKnownFileType = sourcecode.swift; path = ApplyTrialViewController.swift; sourceTree = "<group>"; };
/* End PBXFileReference section */

/* Begin PBXFrameworksBuildPhase section */
		35C7120F1B8595B3004B267A /* Frameworks */ = {
			isa = PBXFrameworksBuildPhase;
			buildActionMask = 2147483647;
			files = (
			);
			runOnlyForDeploymentPostprocessing = 0;
		};
/* End PBXFrameworksBuildPhase section */

/* Begin PBXGroup section */
		3515CB1D1B94366700EC54D7 /* SwiftChart */ = {
			isa = PBXGroup;
			children = (
				3515CB1E1B94367200EC54D7 /* Chart.swift */,
				3515CB1F1B94367200EC54D7 /* ChartColors.swift */,
				3515CB201B94367200EC54D7 /* ChartSeries.swift */,
			);
			name = SwiftChart;
			sourceTree = "<group>";
		};
		356803691BA02F0F00BB50AE /* SDWebImage */ = {
			isa = PBXGroup;
			children = (
				3568036A1BA0304600BB50AE /* MKAnnotationView+WebCache.h */,
				3568036B1BA0304600BB50AE /* MKAnnotationView+WebCache.m */,
				3568036C1BA0304600BB50AE /* NSData+ImageContentType.h */,
				3568036D1BA0304600BB50AE /* NSData+ImageContentType.m */,
				3568036E1BA0304600BB50AE /* SDImageCache.h */,
				3568036F1BA0304600BB50AE /* SDImageCache.m */,
				356803701BA0304600BB50AE /* SDWebImageCompat.h */,
				356803711BA0304600BB50AE /* SDWebImageCompat.m */,
				356803721BA0304600BB50AE /* SDWebImageDecoder.h */,
				356803731BA0304600BB50AE /* SDWebImageDecoder.m */,
				356803741BA0304600BB50AE /* SDWebImageDownloader.h */,
				356803751BA0304600BB50AE /* SDWebImageDownloader.m */,
				356803761BA0304600BB50AE /* SDWebImageDownloaderOperation.h */,
				356803771BA0304600BB50AE /* SDWebImageDownloaderOperation.m */,
				356803781BA0304600BB50AE /* SDWebImageManager.h */,
				356803791BA0304600BB50AE /* SDWebImageManager.m */,
				3568037A1BA0304600BB50AE /* SDWebImageOperation.h */,
				3568037B1BA0304600BB50AE /* SDWebImagePrefetcher.h */,
				3568037C1BA0304600BB50AE /* SDWebImagePrefetcher.m */,
				3568037D1BA0304600BB50AE /* UIButton+WebCache.h */,
				3568037E1BA0304600BB50AE /* UIButton+WebCache.m */,
				3568037F1BA0304600BB50AE /* UIImage+GIF.h */,
				356803801BA0304600BB50AE /* UIImage+GIF.m */,
				356803811BA0304600BB50AE /* UIImage+MultiFormat.h */,
				356803821BA0304600BB50AE /* UIImage+MultiFormat.m */,
				356803831BA0304600BB50AE /* UIImage+WebP.h */,
				356803841BA0304600BB50AE /* UIImage+WebP.m */,
				356803851BA0304600BB50AE /* UIImageView+HighlightedWebCache.h */,
				356803861BA0304600BB50AE /* UIImageView+HighlightedWebCache.m */,
				356803871BA0304600BB50AE /* UIImageView+WebCache.h */,
				356803881BA0304600BB50AE /* UIImageView+WebCache.m */,
				356803891BA0304600BB50AE /* UIView+WebCacheOperation.h */,
				3568038A1BA0304600BB50AE /* UIView+WebCacheOperation.m */,
			);
			name = SDWebImage;
			sourceTree = "<group>";
		};
		3587006A1B9D898900B09351 /* RadioButton */ = {
			isa = PBXGroup;
			children = (
				3587006E1B9D8C3C00B09351 /* DLRadioButton.h */,
				3587006F1B9D8C3C00B09351 /* DLRadioButton.m */,
			);
			name = RadioButton;
			sourceTree = "<group>";
		};
		358700711B9E78AA00B09351 /* TSLocateView */ = {
			isa = PBXGroup;
			children = (
				35DC5E5E1BA94F700000FA22 /* TSLocateView.h */,
				35DC5E5F1BA94F700000FA22 /* TSLocateView.m */,
				35DC5E601BA94F700000FA22 /* TSLocateView.xib */,
				35DC5E611BA94F700000FA22 /* TSLocation.h */,
				35DC5E621BA94F700000FA22 /* TSLocation.m */,
				358700721B9E78BC00B09351 /* ProvincesAndCities.plist */,
			);
			name = TSLocateView;
			sourceTree = "<group>";
		};
		3587007C1B9EA47500B09351 /* KASlideShow */ = {
			isa = PBXGroup;
			children = (
				3587007D1B9EA4A000B09351 /* KASlideShow.h */,
				3587007E1B9EA4A000B09351 /* KASlideShow.m */,
			);
			name = KASlideShow;
			sourceTree = "<group>";
		};
		35AC87481B8AB14A00B44C7E /* MJRefresh */ = {
			isa = PBXGroup;
			children = (
				35AC87491B8AB15900B44C7E /* MJRefresh.h */,
				35AC874A1B8AB15900B44C7E /* MJRefreshBaseView.h */,
				35AC874B1B8AB15900B44C7E /* MJRefreshBaseView.m */,
				35AC874C1B8AB15900B44C7E /* MJRefreshConst.h */,
				35AC874D1B8AB15900B44C7E /* MJRefreshConst.m */,
				35AC874E1B8AB15900B44C7E /* MJRefreshFooterView.h */,
				35AC874F1B8AB15900B44C7E /* MJRefreshFooterView.m */,
				35AC87501B8AB15900B44C7E /* MJRefreshHeaderView.h */,
				35AC87511B8AB15900B44C7E /* MJRefreshHeaderView.m */,
				35AC87521B8AB15900B44C7E /* UIScrollView+MJExtension.h */,
				35AC87531B8AB15900B44C7E /* UIScrollView+MJExtension.m */,
				35AC87541B8AB15900B44C7E /* UIScrollView+MJRefresh.h */,
				35AC87551B8AB15900B44C7E /* UIScrollView+MJRefresh.m */,
				35AC87561B8AB15900B44C7E /* UIView+MJExtension.h */,
				35AC87571B8AB15900B44C7E /* UIView+MJExtension.m */,
			);
			name = MJRefresh;
			sourceTree = "<group>";
		};
		35B1F23A1BCCB90400AA9F38 /* UITextView-Placeholder */ = {
			isa = PBXGroup;
			children = (
				35B1F23B1BCCB96300AA9F38 /* UITextView+Placeholder.m */,
				35B1F23C1BCCB96300AA9F38 /* UITextView+Placeholder.h */,
			);
			name = "UITextView-Placeholder";
			sourceTree = "<group>";
		};
		35C712091B8595B3004B267A = {
			isa = PBXGroup;
			children = (
				35C712141B8595B3004B267A /* tongxin_news */,
				35C712131B8595B3004B267A /* Products */,
			);
			sourceTree = "<group>";
		};
		35C712131B8595B3004B267A /* Products */ = {
			isa = PBXGroup;
			children = (
				35C712121B8595B3004B267A /* 同鑫资讯.app */,
			);
			name = Products;
			sourceTree = "<group>";
		};
		35C712141B8595B3004B267A /* tongxin_news */ = {
			isa = PBXGroup;
			children = (
				35DC3D111C102F900027E680 /* SwiftDate */,
				35B1F23A1BCCB90400AA9F38 /* UITextView-Placeholder */,
				35EF0F071BB393A200F99399 /* SWTableViewCell */,
				356803691BA02F0F00BB50AE /* SDWebImage */,
				3587007C1B9EA47500B09351 /* KASlideShow */,
				358700711B9E78AA00B09351 /* TSLocateView */,
				3587006A1B9D898900B09351 /* RadioButton */,
				3515CB1D1B94366700EC54D7 /* SwiftChart */,
				35AC87481B8AB14A00B44C7E /* MJRefresh */,
				35C712891B86CC4C004B267A /* HTHorizontalSelectionList */,
				35C712831B86B2AE004B267A /* MBProgressHUD */,
				35C712151B8595B3004B267A /* Supporting Files */,
				35C7127E1B86B077004B267A /* SwiftyJSON */,
				35C712671B86AF12004B267A /* Alamofire */,
				35C7125F1B86AEB7004B267A /* SKAlertView */,
				35C712171B8595B3004B267A /* AppDelegate.swift */,
				35B2783C1B8D94AB00FA2399 /* Main.storyboard */,
				35C712601B86AEE8004B267A /* tongxin_news-Bridging-Header.h */,
				35C7121E1B8595B3004B267A /* Images.xcassets */,
				35C7127C1B86B008004B267A /* EndPoints.swift */,
				35BB22581BD4E8BB00A01E36 /* UserSettingTableViewController.swift */,
				35C712401B85C0BE004B267A /* LogInViewController.swift */,
				35C712811B86B126004B267A /* HomeTabBarViewController.swift */,
				355C95A41B8AF089005595EA /* PriceViewController.swift */,
				355C95A61B8C0665005595EA /* PriceDetailViewController.swift */,
				355C95A81B8C1407005595EA /* PriceVCTableViewCell.swift */,
				355C95AA1B8C20CB005595EA /* PriceDetailVCTableViewCell.swift */,
				355C95AC1B8C5145005595EA /* InboxViewController.swift */,
				35B278401B8D952100FA2399 /* CommentDetailViewController.swift */,
				35B278421B8D952100FA2399 /* CommentViewController.swift */,
				35B278431B8D952100FA2399 /* CommentVCTableViewCell.swift */,
				35B278611B8DA48A00FA2399 /* CommentDetailVCTableViewCell.swift */,
				35B278631B8EA2FD00FA2399 /* CommentContentViewController.swift */,
				35B278981B8FFEFD00FA2399 /* PriceHistoryViewController.swift */,
				35B2789A1B9022EA00FA2399 /* PriceHistoryTableViewCell.swift */,
				35B278B51B9045F600FA2399 /* PriceChartViewController.swift */,
				3515CB241B9BE45000EC54D7 /* EcosystemViewController.swift */,
				3515CB451B9D552600EC54D7 /* ChannelViewController.swift */,
				3515CB471B9D62AA00EC54D7 /* ChannelCatalogViewController.swift */,
				3515CB491B9D693C00EC54D7 /* ChannelCatalogTableViewCell.swift */,
				3587005B1B9D776800B09351 /* ChannelItemAddViewController.swift */,
				358700801B9EBCD100B09351 /* ChannelVCTableViewCell.swift */,
				358700821B9FE86200B09351 /* ChannelItemDetailViewController.swift */,
				35E3E8511BA6B3BC0009E8DD /* FuturesViewController.swift */,
				35E3E8531BA6C3750009E8DD /* Parameter.swift */,
				35F6657C1BB3F18700A3AEDE /* ApplyTrialViewController.swift */,
				350901901BB4F7600010FFFE /* ForgetPasswordViewController.swift */,
				35B1F2381BCB631200AA9F38 /* ChannelItemImageViewController.swift */,
				35BB225A1BD5D53A00A01E36 /* MyFocusViewController.swift */,
				3517CBD81BD5EDD500EE40FB /* MyFocusTableViewCell.swift */,
				3517CBDA1BD6095300EE40FB /* MyPublishViewController.swift */,
				3517CBDC1BD62AC000EE40FB /* MyPublishTableViewCell.swift */,
				3502271A1BE7556E00DE2B6B /* InboxTableViewCell.swift */,
			);
			path = tongxin_news;
			sourceTree = "<group>";
		};
		35C712151B8595B3004B267A /* Supporting Files */ = {
			isa = PBXGroup;
			children = (
				35C712161B8595B3004B267A /* Info.plist */,
			);
			name = "Supporting Files";
			sourceTree = "<group>";
		};
		35C7125F1B86AEB7004B267A /* SKAlertView */ = {
			isa = PBXGroup;
			children = (
				35C712611B86AEE9004B267A /* SKAlertView.h */,
				35C712621B86AEE9004B267A /* SKAlertView.m */,
				35C712631B86AEE9004B267A /* SKTipAlertView.h */,
				35C712641B86AEE9004B267A /* SKTipAlertView.m */,
			);
			name = SKAlertView;
			sourceTree = "<group>";
		};
		35C712671B86AF12004B267A /* Alamofire */ = {
			isa = PBXGroup;
			children = (
				355483DF1BDA3AFF00AEFBEF /* Alamofire.h */,
				355483E01BDA3AFF00AEFBEF /* Alamofire.swift */,
				355483E11BDA3AFF00AEFBEF /* Download.swift */,
				355483E21BDA3AFF00AEFBEF /* Error.swift */,
				355483E31BDA3AFF00AEFBEF /* Manager.swift */,
				355483E41BDA3AFF00AEFBEF /* MultipartFormData.swift */,
				355483E51BDA3AFF00AEFBEF /* ParameterEncoding.swift */,
				355483E61BDA3AFF00AEFBEF /* Request.swift */,
				355483E71BDA3AFF00AEFBEF /* Response.swift */,
				355483E81BDA3AFF00AEFBEF /* ResponseSerialization.swift */,
				355483E91BDA3AFF00AEFBEF /* Result.swift */,
				355483EA1BDA3AFF00AEFBEF /* ServerTrustPolicy.swift */,
				355483EB1BDA3AFF00AEFBEF /* Stream.swift */,
				355483EC1BDA3AFF00AEFBEF /* Upload.swift */,
				355483ED1BDA3AFF00AEFBEF /* Validation.swift */,
			);
			name = Alamofire;
			sourceTree = "<group>";
		};
		35C7127E1B86B077004B267A /* SwiftyJSON */ = {
			isa = PBXGroup;
			children = (
				35C7127F1B86B09E004B267A /* SwiftyJSON.swift */,
			);
			name = SwiftyJSON;
			sourceTree = "<group>";
		};
		35C712831B86B2AE004B267A /* MBProgressHUD */ = {
			isa = PBXGroup;
			children = (
				35C712841B86B2BE004B267A /* MBProgressHUD.h */,
				35C712851B86B2BE004B267A /* MBProgressHUD.m */,
			);
			name = MBProgressHUD;
			sourceTree = "<group>";
		};
		35C712891B86CC4C004B267A /* HTHorizontalSelectionList */ = {
			isa = PBXGroup;
			children = (
				35C7128A1B86CC5D004B267A /* HTHorizontalSelectionList.h */,
				35C7128B1B86CC5D004B267A /* HTHorizontalSelectionList.m */,
				35C7128C1B86CC5D004B267A /* HTHorizontalSelectionListCell.h */,
				35C7128D1B86CC5D004B267A /* HTHorizontalSelectionListCustomViewCell.h */,
				35C7128E1B86CC5D004B267A /* HTHorizontalSelectionListCustomViewCell.m */,
				35C7128F1B86CC5D004B267A /* HTHorizontalSelectionListLabelCell.h */,
				35C712901B86CC5D004B267A /* HTHorizontalSelectionListLabelCell.m */,
			);
			name = HTHorizontalSelectionList;
			sourceTree = "<group>";
		};
		35DC3D111C102F900027E680 /* SwiftDate */ = {
			isa = PBXGroup;
			children = (
				35CF724A1C116A85006E95AF /* DataStructures.swift */,
				35CF724B1C116A85006E95AF /* DateInRegion.swift */,
				35CF724C1C116A85006E95AF /* NSDate+Extension.swift */,
				35CF724D1C116A85006E95AF /* SwiftDate.h */,
			);
			name = SwiftDate;
			sourceTree = "<group>";
		};
		35EF0F071BB393A200F99399 /* SWTableViewCell */ = {
			isa = PBXGroup;
			children = (
				35EF0F081BB394D300F99399 /* NSMutableArray+SWUtilityButtons.h */,
				35EF0F091BB394D300F99399 /* NSMutableArray+SWUtilityButtons.m */,
				35EF0F0A1BB394D300F99399 /* SWCellScrollView.h */,
				35EF0F0B1BB394D300F99399 /* SWCellScrollView.m */,
				35EF0F0C1BB394D300F99399 /* SWLongPressGestureRecognizer.h */,
				35EF0F0D1BB394D300F99399 /* SWLongPressGestureRecognizer.m */,
				35EF0F0E1BB394D300F99399 /* SWTableViewCell.h */,
				35EF0F0F1BB394D300F99399 /* SWTableViewCell.m */,
				35EF0F101BB394D300F99399 /* SWUtilityButtonTapGestureRecognizer.h */,
				35EF0F111BB394D300F99399 /* SWUtilityButtonTapGestureRecognizer.m */,
				35EF0F121BB394D300F99399 /* SWUtilityButtonView.h */,
				35EF0F131BB394D300F99399 /* SWUtilityButtonView.m */,
			);
			name = SWTableViewCell;
			sourceTree = "<group>";
		};
/* End PBXGroup section */

/* Begin PBXNativeTarget section */
		35C712111B8595B3004B267A /* tongxin_news */ = {
			isa = PBXNativeTarget;
			buildConfigurationList = 35C712311B8595B3004B267A /* Build configuration list for PBXNativeTarget "tongxin_news" */;
			buildPhases = (
				35C7120E1B8595B3004B267A /* Sources */,
				35C7120F1B8595B3004B267A /* Frameworks */,
				35C712101B8595B3004B267A /* Resources */,
			);
			buildRules = (
			);
			dependencies = (
			);
			name = tongxin_news;
			productName = tongxin_news;
			productReference = 35C712121B8595B3004B267A /* 同鑫资讯.app */;
			productType = "com.apple.product-type.application";
		};
/* End PBXNativeTarget section */

/* Begin PBXProject section */
		35C7120A1B8595B3004B267A /* Project object */ = {
			isa = PBXProject;
			attributes = {
				LastSwiftMigration = 0700;
				LastSwiftUpdateCheck = 0700;
				LastUpgradeCheck = 0700;
				ORGANIZATIONNAME = "郭轩";
				TargetAttributes = {
					35C712111B8595B3004B267A = {
						CreatedOnToolsVersion = 6.4;
						DevelopmentTeam = L4TXWGS3FM;
						SystemCapabilities = {
							com.apple.BackgroundModes = {
								enabled = 1;
							};
							com.apple.InAppPurchase = {
								enabled = 0;
							};
						};
					};
				};
			};
			buildConfigurationList = 35C7120D1B8595B3004B267A /* Build configuration list for PBXProject "同鑫资讯" */;
			compatibilityVersion = "Xcode 3.2";
			developmentRegion = English;
			hasScannedForEncodings = 0;
			knownRegions = (
				en,
				Base,
			);
			mainGroup = 35C712091B8595B3004B267A;
			productRefGroup = 35C712131B8595B3004B267A /* Products */;
			projectDirPath = "";
			projectRoot = "";
			targets = (
				35C712111B8595B3004B267A /* tongxin_news */,
			);
		};
/* End PBXProject section */

/* Begin PBXResourcesBuildPhase section */
		35C712101B8595B3004B267A /* Resources */ = {
			isa = PBXResourcesBuildPhase;
			buildActionMask = 2147483647;
			files = (
				35C7121F1B8595B3004B267A /* Images.xcassets in Resources */,
				35B2783E1B8D94AB00FA2399 /* Main.storyboard in Resources */,
				358700781B9E78BC00B09351 /* ProvincesAndCities.plist in Resources */,
				35DC5E641BA94F700000FA22 /* TSLocateView.xib in Resources */,
			);
			runOnlyForDeploymentPostprocessing = 0;
		};
/* End PBXResourcesBuildPhase section */

/* Begin PBXSourcesBuildPhase section */
		35C7120E1B8595B3004B267A /* Sources */ = {
			isa = PBXSourcesBuildPhase;
			buildActionMask = 2147483647;
			files = (
				355C95AD1B8C5145005595EA /* InboxViewController.swift in Sources */,
				35AC875E1B8AB15900B44C7E /* UIView+MJExtension.m in Sources */,
				35EF0F141BB394D300F99399 /* NSMutableArray+SWUtilityButtons.m in Sources */,
				35C7127D1B86B008004B267A /* EndPoints.swift in Sources */,
				35B278621B8DA48A00FA2399 /* CommentDetailVCTableViewCell.swift in Sources */,
				35DC5E631BA94F700000FA22 /* TSLocateView.m in Sources */,
				35DC5E651BA94F700000FA22 /* TSLocation.m in Sources */,
				355483F31BDA3AFF00AEFBEF /* ParameterEncoding.swift in Sources */,
				3587007F1B9EA4A000B09351 /* KASlideShow.m in Sources */,
				35E3E8521BA6B3BC0009E8DD /* FuturesViewController.swift in Sources */,
				35C712821B86B126004B267A /* HomeTabBarViewController.swift in Sources */,
				35C712411B85C0BE004B267A /* LogInViewController.swift in Sources */,
				355C95A91B8C1407005595EA /* PriceVCTableViewCell.swift in Sources */,
				355483F01BDA3AFF00AEFBEF /* Error.swift in Sources */,
				355C95A51B8AF089005595EA /* PriceViewController.swift in Sources */,
				35B1F2391BCB631200AA9F38 /* ChannelItemImageViewController.swift in Sources */,
				35B278461B8D952100FA2399 /* CommentViewController.swift in Sources */,
				35C712921B86CC5D004B267A /* HTHorizontalSelectionListCustomViewCell.m in Sources */,
				3502271B1BE7556E00DE2B6B /* InboxTableViewCell.swift in Sources */,
				35C712661B86AEE9004B267A /* SKTipAlertView.m in Sources */,
				355483F61BDA3AFF00AEFBEF /* ResponseSerialization.swift in Sources */,
				355483F51BDA3AFF00AEFBEF /* Response.swift in Sources */,
				355483F11BDA3AFF00AEFBEF /* Manager.swift in Sources */,
				35C712911B86CC5D004B267A /* HTHorizontalSelectionList.m in Sources */,
				35BB22591BD4E8BB00A01E36 /* UserSettingTableViewController.swift in Sources */,
				350901911BB4F7600010FFFE /* ForgetPasswordViewController.swift in Sources */,
				356803981BA0304600BB50AE /* UIImageView+HighlightedWebCache.m in Sources */,
				358700811B9EBCD100B09351 /* ChannelVCTableViewCell.swift in Sources */,
				355483F81BDA3AFF00AEFBEF /* ServerTrustPolicy.swift in Sources */,
				3515CB211B94367200EC54D7 /* Chart.swift in Sources */,
				35EF0F161BB394D300F99399 /* SWLongPressGestureRecognizer.m in Sources */,
				3515CB251B9BE45000EC54D7 /* EcosystemViewController.swift in Sources */,
				3568038D1BA0304600BB50AE /* SDImageCache.m in Sources */,
				355483F41BDA3AFF00AEFBEF /* Request.swift in Sources */,
				355483EE1BDA3AFF00AEFBEF /* Alamofire.swift in Sources */,
				355483F71BDA3AFF00AEFBEF /* Result.swift in Sources */,
				35B278441B8D952100FA2399 /* CommentDetailViewController.swift in Sources */,
				355483F21BDA3AFF00AEFBEF /* MultipartFormData.swift in Sources */,
				35BB225B1BD5D53A00A01E36 /* MyFocusViewController.swift in Sources */,
				35CF72501C116A85006E95AF /* NSDate+Extension.swift in Sources */,
				3568038C1BA0304600BB50AE /* NSData+ImageContentType.m in Sources */,
				3515CB221B94367200EC54D7 /* ChartColors.swift in Sources */,
				35EF0F151BB394D300F99399 /* SWCellScrollView.m in Sources */,
				3515CB4A1B9D693C00EC54D7 /* ChannelCatalogTableViewCell.swift in Sources */,
				356803951BA0304600BB50AE /* UIImage+GIF.m in Sources */,
				3587005C1B9D776800B09351 /* ChannelItemAddViewController.swift in Sources */,
				355C95AB1B8C20CB005595EA /* PriceDetailVCTableViewCell.swift in Sources */,
				35EF0F171BB394D300F99399 /* SWTableViewCell.m in Sources */,
				355483FB1BDA3AFF00AEFBEF /* Validation.swift in Sources */,
				356803971BA0304600BB50AE /* UIImage+WebP.m in Sources */,
				35B1F23D1BCCB96300AA9F38 /* UITextView+Placeholder.m in Sources */,
				355483F91BDA3AFF00AEFBEF /* Stream.swift in Sources */,
				3517CBDD1BD62AC000EE40FB /* MyPublishTableViewCell.swift in Sources */,
				3517CBDB1BD6095300EE40FB /* MyPublishViewController.swift in Sources */,
				35AC875B1B8AB15900B44C7E /* MJRefreshHeaderView.m in Sources */,
				3568039A1BA0304600BB50AE /* UIView+WebCacheOperation.m in Sources */,
				356803921BA0304600BB50AE /* SDWebImageManager.m in Sources */,
				35AC875C1B8AB15900B44C7E /* UIScrollView+MJExtension.m in Sources */,
				355483EF1BDA3AFF00AEFBEF /* Download.swift in Sources */,
				35C712801B86B09E004B267A /* SwiftyJSON.swift in Sources */,
				35AC875A1B8AB15900B44C7E /* MJRefreshFooterView.m in Sources */,
				35C712861B86B2BE004B267A /* MBProgressHUD.m in Sources */,
				358700701B9D8C3C00B09351 /* DLRadioButton.m in Sources */,
				35AC875D1B8AB15900B44C7E /* UIScrollView+MJRefresh.m in Sources */,
				356803991BA0304600BB50AE /* UIImageView+WebCache.m in Sources */,
				35B278641B8EA2FD00FA2399 /* CommentContentViewController.swift in Sources */,
				35EF0F191BB394D300F99399 /* SWUtilityButtonView.m in Sources */,
				3568038E1BA0304600BB50AE /* SDWebImageCompat.m in Sources */,
				35B278B61B9045F600FA2399 /* PriceChartViewController.swift in Sources */,
				3568038F1BA0304600BB50AE /* SDWebImageDecoder.m in Sources */,
				356803961BA0304600BB50AE /* UIImage+MultiFormat.m in Sources */,
				35CF724F1C116A85006E95AF /* DateInRegion.swift in Sources */,
				3515CB461B9D552600EC54D7 /* ChannelViewController.swift in Sources */,
				35CF724E1C116A85006E95AF /* DataStructures.swift in Sources */,
				35AC87581B8AB15900B44C7E /* MJRefreshBaseView.m in Sources */,
				35EF0F181BB394D300F99399 /* SWUtilityButtonTapGestureRecognizer.m in Sources */,
				3515CB231B94367200EC54D7 /* ChartSeries.swift in Sources */,
				355483FA1BDA3AFF00AEFBEF /* Upload.swift in Sources */,
				3568038B1BA0304600BB50AE /* MKAnnotationView+WebCache.m in Sources */,
				35B278471B8D952100FA2399 /* CommentVCTableViewCell.swift in Sources */,
				3517CBD91BD5EDD500EE40FB /* MyFocusTableViewCell.swift in Sources */,
				35C712931B86CC5D004B267A /* HTHorizontalSelectionListLabelCell.m in Sources */,
				35C712181B8595B3004B267A /* AppDelegate.swift in Sources */,
				35F6657D1BB3F18700A3AEDE /* ApplyTrialViewController.swift in Sources */,
				35E3E8541BA6C3750009E8DD /* Parameter.swift in Sources */,
				3515CB481B9D62AA00EC54D7 /* ChannelCatalogViewController.swift in Sources */,
				35B2789B1B9022EA00FA2399 /* PriceHistoryTableViewCell.swift in Sources */,
				356803911BA0304600BB50AE /* SDWebImageDownloaderOperation.m in Sources */,
				356803931BA0304600BB50AE /* SDWebImagePrefetcher.m in Sources */,
				356803901BA0304600BB50AE /* SDWebImageDownloader.m in Sources */,
				356803941BA0304600BB50AE /* UIButton+WebCache.m in Sources */,
				358700831B9FE86200B09351 /* ChannelItemDetailViewController.swift in Sources */,
				35B278991B8FFEFD00FA2399 /* PriceHistoryViewController.swift in Sources */,
				35C712651B86AEE9004B267A /* SKAlertView.m in Sources */,
				35AC87591B8AB15900B44C7E /* MJRefreshConst.m in Sources */,
				355C95A71B8C0665005595EA /* PriceDetailViewController.swift in Sources */,
			);
			runOnlyForDeploymentPostprocessing = 0;
		};
/* End PBXSourcesBuildPhase section */

/* Begin PBXVariantGroup section */
		35B2783C1B8D94AB00FA2399 /* Main.storyboard */ = {
			isa = PBXVariantGroup;
			children = (
				35B2783D1B8D94AB00FA2399 /* Base */,
			);
			name = Main.storyboard;
			sourceTree = "<group>";
		};
/* End PBXVariantGroup section */

/* Begin XCBuildConfiguration section */
		35C7122F1B8595B3004B267A /* Debug */ = {
			isa = XCBuildConfiguration;
			buildSettings = {
				ALWAYS_SEARCH_USER_PATHS = NO;
				ASSETCATALOG_COMPILER_APPICON_NAME = AppIcon;
				CLANG_CXX_LANGUAGE_STANDARD = "gnu++0x";
				CLANG_CXX_LIBRARY = "libc++";
				CLANG_ENABLE_MODULES = YES;
				CLANG_ENABLE_OBJC_ARC = YES;
				CLANG_WARN_BOOL_CONVERSION = YES;
				CLANG_WARN_CONSTANT_CONVERSION = YES;
				CLANG_WARN_DIRECT_OBJC_ISA_USAGE = YES_ERROR;
				CLANG_WARN_EMPTY_BODY = YES;
				CLANG_WARN_ENUM_CONVERSION = YES;
				CLANG_WARN_INT_CONVERSION = YES;
				CLANG_WARN_OBJC_ROOT_CLASS = YES_ERROR;
				CLANG_WARN_UNREACHABLE_CODE = YES;
				CLANG_WARN__DUPLICATE_METHOD_MATCH = YES;
				CODE_SIGN_IDENTITY = "iPhone Distribution: XUAN GUO (L4TXWGS3FM)";
				"CODE_SIGN_IDENTITY[sdk=iphoneos*]" = "iPhone Distribution: XUAN GUO (L4TXWGS3FM)";
				COPY_PHASE_STRIP = NO;
				DEBUG_INFORMATION_FORMAT = "dwarf-with-dsym";
				ENABLE_STRICT_OBJC_MSGSEND = YES;
				ENABLE_TESTABILITY = YES;
				GCC_C_LANGUAGE_STANDARD = gnu99;
				GCC_DYNAMIC_NO_PIC = NO;
				GCC_NO_COMMON_BLOCKS = YES;
				GCC_OPTIMIZATION_LEVEL = 0;
				GCC_PREPROCESSOR_DEFINITIONS = (
					"DEBUG=1",
					"$(inherited)",
				);
				GCC_SYMBOLS_PRIVATE_EXTERN = NO;
				GCC_WARN_64_TO_32_BIT_CONVERSION = YES;
				GCC_WARN_ABOUT_RETURN_TYPE = YES_ERROR;
				GCC_WARN_UNDECLARED_SELECTOR = YES;
				GCC_WARN_UNINITIALIZED_AUTOS = YES_AGGRESSIVE;
				GCC_WARN_UNUSED_FUNCTION = YES;
				GCC_WARN_UNUSED_VARIABLE = YES;
				IPHONEOS_DEPLOYMENT_TARGET = 7.1;
				MTL_ENABLE_DEBUG_INFO = YES;
				ONLY_ACTIVE_ARCH = YES;
				PRODUCT_NAME = "同鑫资讯";
				PROVISIONING_PROFILE = "316e9b36-c8e0-4249-a51b-c4215d6837a4";
				SDKROOT = iphoneos;
				SWIFT_OPTIMIZATION_LEVEL = "-Onone";
			};
			name = Debug;
		};
		35C712301B8595B3004B267A /* Release */ = {
			isa = XCBuildConfiguration;
			buildSettings = {
				ALWAYS_SEARCH_USER_PATHS = NO;
				ASSETCATALOG_COMPILER_APPICON_NAME = AppIcon;
				CLANG_CXX_LANGUAGE_STANDARD = "gnu++0x";
				CLANG_CXX_LIBRARY = "libc++";
				CLANG_ENABLE_MODULES = YES;
				CLANG_ENABLE_OBJC_ARC = YES;
				CLANG_WARN_BOOL_CONVERSION = YES;
				CLANG_WARN_CONSTANT_CONVERSION = YES;
				CLANG_WARN_DIRECT_OBJC_ISA_USAGE = YES_ERROR;
				CLANG_WARN_EMPTY_BODY = YES;
				CLANG_WARN_ENUM_CONVERSION = YES;
				CLANG_WARN_INT_CONVERSION = YES;
				CLANG_WARN_OBJC_ROOT_CLASS = YES_ERROR;
				CLANG_WARN_UNREACHABLE_CODE = YES;
				CLANG_WARN__DUPLICATE_METHOD_MATCH = YES;
				CODE_SIGN_IDENTITY = "iPhone Distribution: XUAN GUO (L4TXWGS3FM)";
				"CODE_SIGN_IDENTITY[sdk=iphoneos*]" = "iPhone Distribution: XUAN GUO (L4TXWGS3FM)";
				COPY_PHASE_STRIP = NO;
				DEBUG_INFORMATION_FORMAT = "dwarf-with-dsym";
				ENABLE_NS_ASSERTIONS = NO;
				ENABLE_STRICT_OBJC_MSGSEND = YES;
				GCC_C_LANGUAGE_STANDARD = gnu99;
				GCC_NO_COMMON_BLOCKS = YES;
				GCC_WARN_64_TO_32_BIT_CONVERSION = YES;
				GCC_WARN_ABOUT_RETURN_TYPE = YES_ERROR;
				GCC_WARN_UNDECLARED_SELECTOR = YES;
				GCC_WARN_UNINITIALIZED_AUTOS = YES_AGGRESSIVE;
				GCC_WARN_UNUSED_FUNCTION = YES;
				GCC_WARN_UNUSED_VARIABLE = YES;
				IPHONEOS_DEPLOYMENT_TARGET = 7.1;
				MTL_ENABLE_DEBUG_INFO = NO;
				PRODUCT_NAME = "同鑫资讯";
				PROVISIONING_PROFILE = "316e9b36-c8e0-4249-a51b-c4215d6837a4";
				SDKROOT = iphoneos;
				SWIFT_OPTIMIZATION_LEVEL = "-O";
				VALIDATE_PRODUCT = YES;
			};
			name = Release;
		};
		35C712321B8595B3004B267A /* Debug */ = {
			isa = XCBuildConfiguration;
			buildSettings = {
				ASSETCATALOG_COMPILER_APPICON_NAME = AppIcon;
				ASSETCATALOG_COMPILER_LAUNCHIMAGE_NAME = LaunchImage;
				CLANG_ENABLE_MODULES = YES;
				CLANG_ENABLE_OBJC_ARC = YES;
				CODE_SIGN_IDENTITY = "iPhone Developer";
				"CODE_SIGN_IDENTITY[sdk=iphoneos*]" = "iPhone Developer";
				INFOPLIST_FILE = tongxin_news/Info.plist;
				IPHONEOS_DEPLOYMENT_TARGET = 8.0;
				LD_RUNPATH_SEARCH_PATHS = "$(inherited) @executable_path/Frameworks";
				PRODUCT_BUNDLE_IDENTIFIER = com.tongxin.info;
				PRODUCT_NAME = "同鑫资讯";
				PROVISIONING_PROFILE = "";
				SDKROOT = iphoneos;
				SWIFT_OBJC_BRIDGING_HEADER = "tongxin_news/tongxin_news-Bridging-Header.h";
				SWIFT_OPTIMIZATION_LEVEL = "-Onone";
			};
			name = Debug;
		};
		35C712331B8595B3004B267A /* Release */ = {
			isa = XCBuildConfiguration;
			buildSettings = {
				ASSETCATALOG_COMPILER_APPICON_NAME = AppIcon;
				ASSETCATALOG_COMPILER_LAUNCHIMAGE_NAME = LaunchImage;
				CLANG_ENABLE_MODULES = YES;
				CLANG_ENABLE_OBJC_ARC = YES;
				CODE_SIGN_IDENTITY = "iPhone Developer";
				"CODE_SIGN_IDENTITY[sdk=iphoneos*]" = "iPhone Developer";
				INFOPLIST_FILE = tongxin_news/Info.plist;
				IPHONEOS_DEPLOYMENT_TARGET = 8.0;
				LD_RUNPATH_SEARCH_PATHS = "$(inherited) @executable_path/Frameworks";
				PRODUCT_BUNDLE_IDENTIFIER = com.tongxin.info;
				PRODUCT_NAME = "同鑫资讯";
				PROVISIONING_PROFILE = "";
				SDKROOT = iphoneos;
				SWIFT_OBJC_BRIDGING_HEADER = "tongxin_news/tongxin_news-Bridging-Header.h";
				SWIFT_OPTIMIZATION_LEVEL = "-O";
			};
			name = Release;
		};
/* End XCBuildConfiguration section */

/* Begin XCConfigurationList section */
		35C7120D1B8595B3004B267A /* Build configuration list for PBXProject "同鑫资讯" */ = {
			isa = XCConfigurationList;
			buildConfigurations = (
				35C7122F1B8595B3004B267A /* Debug */,
				35C712301B8595B3004B267A /* Release */,
			);
			defaultConfigurationIsVisible = 0;
			defaultConfigurationName = Release;
		};
		35C712311B8595B3004B267A /* Build configuration list for PBXNativeTarget "tongxin_news" */ = {
			isa = XCConfigurationList;
			buildConfigurations = (
				35C712321B8595B3004B267A /* Debug */,
				35C712331B8595B3004B267A /* Release */,
			);
			defaultConfigurationIsVisible = 0;
			defaultConfigurationName = Release;
		};
/* End XCConfigurationList section */
	};
	rootObject = 35C7120A1B8595B3004B267A /* Project object */;
}
